
Microsoft Visual Studio Solution File, Format Version 12.00
# Visual Studio 15
VisualStudioVersion = 15.0.27004.2010
MinimumVisualStudioVersion = 10.0.40219.1
Project("{FAE04EC0-301F-11D3-BF4B-00C04F79EFBC}") = "XDash.Android", "XDash.Android\XDash.Android.csproj", "{41AE94D8-50AC-4126-998C-C462FA371659}"
	ProjectSection(ProjectDependencies) = postProject
		{91F098B5-A8DE-4930-B9FB-1E90B2E7186A} = {91F098B5-A8DE-4930-B9FB-1E90B2E7186A}
		{1E06BAD3-7C8A-4086-BBE5-EDDFF2CAC9A6} = {1E06BAD3-7C8A-4086-BBE5-EDDFF2CAC9A6}
	EndProjectSection
EndProject
Project("{FAE04EC0-301F-11D3-BF4B-00C04F79EFBC}") = "XDash.UWP", "XDash.UWP\XDash.UWP.csproj", "{E952C93A-C25B-4846-BF5B-AA88A88E7E87}"
	ProjectSection(ProjectDependencies) = postProject
		{1036EF47-AA0A-4650-817C-7F7A3DA4BF12} = {1036EF47-AA0A-4650-817C-7F7A3DA4BF12}
		{1E06BAD3-7C8A-4086-BBE5-EDDFF2CAC9A6} = {1E06BAD3-7C8A-4086-BBE5-EDDFF2CAC9A6}
	EndProjectSection
EndProject
Project("{FAE04EC0-301F-11D3-BF4B-00C04F79EFBC}") = "XDash.iOS", "XDash.iOS\XDash.iOS.csproj", "{C259A50D-5259-47F7-81F6-224ABB8D4644}"
	ProjectSection(ProjectDependencies) = postProject
		{E333B316-0FD9-4BC8-A8D3-47EE7CCD4BB6} = {E333B316-0FD9-4BC8-A8D3-47EE7CCD4BB6}
		{1E06BAD3-7C8A-4086-BBE5-EDDFF2CAC9A6} = {1E06BAD3-7C8A-4086-BBE5-EDDFF2CAC9A6}
	EndProjectSection
EndProject
Project("{9A19103F-16F7-4668-BE54-9A1E7A4F7556}") = "XDash", "XDash\XDash.csproj", "{F0D01960-6069-4D05-B418-68474325F107}"
	ProjectSection(ProjectDependencies) = postProject
		{1E06BAD3-7C8A-4086-BBE5-EDDFF2CAC9A6} = {1E06BAD3-7C8A-4086-BBE5-EDDFF2CAC9A6}
	EndProjectSection
EndProject
Project("{2150E333-8FDC-42A3-9474-1A3956D46DE8}") = "Core", "Core", "{B4B04FCA-D394-47B1-97FE-BE6529895CD0}"
EndProject
Project("{2150E333-8FDC-42A3-9474-1A3956D46DE8}") = "UI", "UI", "{A20523F9-24C1-45BD-9390-98BAED484293}"
EndProject
Project("{2150E333-8FDC-42A3-9474-1A3956D46DE8}") = "Framework", "Framework", "{033BE92B-A3EF-4A3E-8C01-9945422891D8}"
EndProject
Project("{9A19103F-16F7-4668-BE54-9A1E7A4F7556}") = "XDash.Framework", "XDash.Framework\XDash.Framework.csproj", "{1E06BAD3-7C8A-4086-BBE5-EDDFF2CAC9A6}"
EndProject
Project("{FAE04EC0-301F-11D3-BF4B-00C04F79EFBC}") = "XDash.Framework.Android", "XDash.Framework.Android\XDash.Framework.Android.csproj", "{91F098B5-A8DE-4930-B9FB-1E90B2E7186A}"
	ProjectSection(ProjectDependencies) = postProject
		{1E06BAD3-7C8A-4086-BBE5-EDDFF2CAC9A6} = {1E06BAD3-7C8A-4086-BBE5-EDDFF2CAC9A6}
	EndProjectSection
EndProject
Project("{FAE04EC0-301F-11D3-BF4B-00C04F79EFBC}") = "XDash.Framework.iOS", "XDash.Framework.iOS\XDash.Framework.iOS.csproj", "{E333B316-0FD9-4BC8-A8D3-47EE7CCD4BB6}"
	ProjectSection(ProjectDependencies) = postProject
		{1E06BAD3-7C8A-4086-BBE5-EDDFF2CAC9A6} = {1E06BAD3-7C8A-4086-BBE5-EDDFF2CAC9A6}
	EndProjectSection
EndProject
Project("{FAE04EC0-301F-11D3-BF4B-00C04F79EFBC}") = "XDash.Framework.UWP", "XDash.Framework.UWP\XDash.Framework.UWP.csproj", "{1036EF47-AA0A-4650-817C-7F7A3DA4BF12}"
	ProjectSection(ProjectDependencies) = postProject
		{1E06BAD3-7C8A-4086-BBE5-EDDFF2CAC9A6} = {1E06BAD3-7C8A-4086-BBE5-EDDFF2CAC9A6}
	EndProjectSection
EndProject
Project("{9A19103F-16F7-4668-BE54-9A1E7A4F7556}") = "XDash.CLI", "XDash.CLI\XDash.CLI.csproj", "{B8B6AB04-1C4C-42C0-858F-5797DF7E949D}"
EndProject
Project("{9A19103F-16F7-4668-BE54-9A1E7A4F7556}") = "XDash.Framework.Core", "XDash.Framework.Core\XDash.Framework.Core.csproj", "{EC1B8EE1-BBFC-4189-97C4-283B3D93A4B5}"
EndProject
Project("{2150E333-8FDC-42A3-9474-1A3956D46DE8}") = "Emvy", "Emvy", "{23B624C5-5BFB-4089-A30A-ACACAD80F99E}"
EndProject
Project("{9A19103F-16F7-4668-BE54-9A1E7A4F7556}") = "XDash.Framework.Emvy", "XDash.Framework.Emvy\XDash.Framework.Emvy.csproj", "{6574917C-2B29-426C-9451-F34E555BF2CF}"
EndProject
Project("{FAE04EC0-301F-11D3-BF4B-00C04F79EFBC}") = "XDash.Framework.Emvy.Android", "XDash.Framework.Emvy.Android\XDash.Framework.Emvy.Android.csproj", "{D5CE145E-AF2F-43D3-803A-946701104D47}"
EndProject
Project("{FAE04EC0-301F-11D3-BF4B-00C04F79EFBC}") = "XDash.Framework.Emvy.iOS", "XDash.Framework.Emvy.iOS\XDash.Framework.Emvy.iOS.csproj", "{0578AF54-2E09-425A-91C1-A47990EC2AB9}"
EndProject
Project("{FAE04EC0-301F-11D3-BF4B-00C04F79EFBC}") = "XDash.Framework.Emvy.UWP", "XDash.Framework.Emvy.UWP\XDash.Framework.Emvy.UWP.csproj", "{8802F897-6E76-47C6-A10C-9C3C98C55370}"
EndProject
Project("{2150E333-8FDC-42A3-9474-1A3956D46DE8}") = "Solution Items", "Solution Items", "{BDACE9DB-0E0C-44E4-BC57-878B3481B82C}"
	ProjectSection(SolutionItems) = preProject
		.editorconfig = .editorconfig
		.gitignore = .gitignore
		LICENSE.md = LICENSE.md
		nuget.config = nuget.config
		README.md = README.md
	EndProjectSection
EndProject
Project("{2150E333-8FDC-42A3-9474-1A3956D46DE8}") = "Artwork", "Artwork", "{FBDF65AB-D966-44B6-AEAE-9A00158014F0}"
	ProjectSection(SolutionItems) = preProject
		Artwork\xdash.png = Artwork\xdash.png
		Artwork\xdash_droid.png = Artwork\xdash_droid.png
		Artwork\xdash_droid_nobg.png = Artwork\xdash_droid_nobg.png
		Artwork\xdash_ios.png = Artwork\xdash_ios.png
		Artwork\xdash_ios_nobg.png = Artwork\xdash_ios_nobg.png
		Artwork\xdash_linux.png = Artwork\xdash_linux.png
		Artwork\xdash_linux_nobg.png = Artwork\xdash_linux_nobg.png
		Artwork\xdash_mac.png = Artwork\xdash_mac.png
		Artwork\xdash_mac_nobg.png = Artwork\xdash_mac_nobg.png
		Artwork\xdash_nobg.png = Artwork\xdash_nobg.png
		Artwork\xdash_windows.png = Artwork\xdash_windows.png
		Artwork\xdash_windows_nobg.png = Artwork\xdash_windows_nobg.png
	EndProjectSection
EndProject
Project("{2150E333-8FDC-42A3-9474-1A3956D46DE8}") = "Test", "Test", "{A6A2A5CB-06E1-43CA-A5C9-410BD1E15D6C}"
EndProject
Global
	GlobalSection(SolutionConfigurationPlatforms) = preSolution
		Dev|Android = Dev|Android
		Dev|CLI = Dev|CLI
		Dev|Framework = Dev|Framework
		Dev|iOS = Dev|iOS
		Dev|Omni = Dev|Omni
		Dev|UWP = Dev|UWP
		Live|Android = Live|Android
		Live|CLI = Live|CLI
		Live|Framework = Live|Framework
		Live|iOS = Live|iOS
		Live|Omni = Live|Omni
		Live|UWP = Live|UWP
		Test|Android = Test|Android
		Test|CLI = Test|CLI
		Test|Framework = Test|Framework
		Test|iOS = Test|iOS
		Test|Omni = Test|Omni
		Test|UWP = Test|UWP
	EndGlobalSection
	GlobalSection(ProjectConfigurationPlatforms) = postSolution
		{41AE94D8-50AC-4126-998C-C462FA371659}.Dev|Android.ActiveCfg = Dev|Any CPU
		{41AE94D8-50AC-4126-998C-C462FA371659}.Dev|Android.Build.0 = Dev|Any CPU
		{41AE94D8-50AC-4126-998C-C462FA371659}.Dev|Android.Deploy.0 = Dev|Any CPU
		{41AE94D8-50AC-4126-998C-C462FA371659}.Dev|CLI.ActiveCfg = Dev|Any CPU
		{41AE94D8-50AC-4126-998C-C462FA371659}.Dev|Framework.ActiveCfg = Dev|Any CPU
		{41AE94D8-50AC-4126-998C-C462FA371659}.Dev|iOS.ActiveCfg = Dev|Any CPU
		{41AE94D8-50AC-4126-998C-C462FA371659}.Dev|Omni.ActiveCfg = Dev|Any CPU
		{41AE94D8-50AC-4126-998C-C462FA371659}.Dev|Omni.Build.0 = Dev|Any CPU
		{41AE94D8-50AC-4126-998C-C462FA371659}.Dev|Omni.Deploy.0 = Dev|Any CPU
		{41AE94D8-50AC-4126-998C-C462FA371659}.Dev|UWP.ActiveCfg = Dev|Any CPU
		{41AE94D8-50AC-4126-998C-C462FA371659}.Live|Android.ActiveCfg = Live|Any CPU
		{41AE94D8-50AC-4126-998C-C462FA371659}.Live|Android.Build.0 = Live|Any CPU
		{41AE94D8-50AC-4126-998C-C462FA371659}.Live|Android.Deploy.0 = Live|Any CPU
		{41AE94D8-50AC-4126-998C-C462FA371659}.Live|CLI.ActiveCfg = Live|Any CPU
		{41AE94D8-50AC-4126-998C-C462FA371659}.Live|Framework.ActiveCfg = Live|Any CPU
		{41AE94D8-50AC-4126-998C-C462FA371659}.Live|iOS.ActiveCfg = Live|Any CPU
		{41AE94D8-50AC-4126-998C-C462FA371659}.Live|Omni.ActiveCfg = Live|Any CPU
		{41AE94D8-50AC-4126-998C-C462FA371659}.Live|Omni.Build.0 = Live|Any CPU
		{41AE94D8-50AC-4126-998C-C462FA371659}.Live|Omni.Deploy.0 = Live|Any CPU
		{41AE94D8-50AC-4126-998C-C462FA371659}.Live|UWP.ActiveCfg = Live|Any CPU
		{41AE94D8-50AC-4126-998C-C462FA371659}.Test|Android.ActiveCfg = Test|Any CPU
		{41AE94D8-50AC-4126-998C-C462FA371659}.Test|Android.Build.0 = Test|Any CPU
		{41AE94D8-50AC-4126-998C-C462FA371659}.Test|Android.Deploy.0 = Test|Any CPU
		{41AE94D8-50AC-4126-998C-C462FA371659}.Test|CLI.ActiveCfg = Test|Any CPU
		{41AE94D8-50AC-4126-998C-C462FA371659}.Test|Framework.ActiveCfg = Test|Any CPU
		{41AE94D8-50AC-4126-998C-C462FA371659}.Test|iOS.ActiveCfg = Test|Any CPU
		{41AE94D8-50AC-4126-998C-C462FA371659}.Test|iOS.Build.0 = Test|Any CPU
		{41AE94D8-50AC-4126-998C-C462FA371659}.Test|iOS.Deploy.0 = Test|Any CPU
		{41AE94D8-50AC-4126-998C-C462FA371659}.Test|Omni.ActiveCfg = Test|Any CPU
		{41AE94D8-50AC-4126-998C-C462FA371659}.Test|Omni.Build.0 = Test|Any CPU
		{41AE94D8-50AC-4126-998C-C462FA371659}.Test|Omni.Deploy.0 = Test|Any CPU
		{41AE94D8-50AC-4126-998C-C462FA371659}.Test|UWP.ActiveCfg = Test|Any CPU
		{E952C93A-C25B-4846-BF5B-AA88A88E7E87}.Dev|Android.ActiveCfg = Dev|x86
		{E952C93A-C25B-4846-BF5B-AA88A88E7E87}.Dev|CLI.ActiveCfg = Dev|x86
		{E952C93A-C25B-4846-BF5B-AA88A88E7E87}.Dev|Framework.ActiveCfg = Dev|x86
		{E952C93A-C25B-4846-BF5B-AA88A88E7E87}.Dev|iOS.ActiveCfg = Dev|x86
		{E952C93A-C25B-4846-BF5B-AA88A88E7E87}.Dev|Omni.ActiveCfg = Dev|x86
		{E952C93A-C25B-4846-BF5B-AA88A88E7E87}.Dev|Omni.Build.0 = Dev|x86
		{E952C93A-C25B-4846-BF5B-AA88A88E7E87}.Dev|Omni.Deploy.0 = Dev|x86
		{E952C93A-C25B-4846-BF5B-AA88A88E7E87}.Dev|UWP.ActiveCfg = Dev|x86
		{E952C93A-C25B-4846-BF5B-AA88A88E7E87}.Dev|UWP.Build.0 = Dev|x86
		{E952C93A-C25B-4846-BF5B-AA88A88E7E87}.Dev|UWP.Deploy.0 = Dev|x86
		{E952C93A-C25B-4846-BF5B-AA88A88E7E87}.Live|Android.ActiveCfg = Live|x86
		{E952C93A-C25B-4846-BF5B-AA88A88E7E87}.Live|CLI.ActiveCfg = Live|x86
		{E952C93A-C25B-4846-BF5B-AA88A88E7E87}.Live|Framework.ActiveCfg = Live|x64
		{E952C93A-C25B-4846-BF5B-AA88A88E7E87}.Live|iOS.ActiveCfg = Live|x86
		{E952C93A-C25B-4846-BF5B-AA88A88E7E87}.Live|Omni.ActiveCfg = Live|x86
		{E952C93A-C25B-4846-BF5B-AA88A88E7E87}.Live|Omni.Build.0 = Live|x86
		{E952C93A-C25B-4846-BF5B-AA88A88E7E87}.Live|Omni.Deploy.0 = Live|x86
		{E952C93A-C25B-4846-BF5B-AA88A88E7E87}.Live|UWP.ActiveCfg = Live|x86
		{E952C93A-C25B-4846-BF5B-AA88A88E7E87}.Live|UWP.Build.0 = Live|x86
		{E952C93A-C25B-4846-BF5B-AA88A88E7E87}.Live|UWP.Deploy.0 = Live|x86
		{E952C93A-C25B-4846-BF5B-AA88A88E7E87}.Test|Android.ActiveCfg = Test|x86
		{E952C93A-C25B-4846-BF5B-AA88A88E7E87}.Test|CLI.ActiveCfg = Test|x86
		{E952C93A-C25B-4846-BF5B-AA88A88E7E87}.Test|Framework.ActiveCfg = Test|x86
		{E952C93A-C25B-4846-BF5B-AA88A88E7E87}.Test|iOS.ActiveCfg = Test|x86
		{E952C93A-C25B-4846-BF5B-AA88A88E7E87}.Test|iOS.Build.0 = Test|x86
		{E952C93A-C25B-4846-BF5B-AA88A88E7E87}.Test|iOS.Deploy.0 = Test|x86
		{E952C93A-C25B-4846-BF5B-AA88A88E7E87}.Test|Omni.ActiveCfg = Test|x86
		{E952C93A-C25B-4846-BF5B-AA88A88E7E87}.Test|Omni.Build.0 = Test|x86
		{E952C93A-C25B-4846-BF5B-AA88A88E7E87}.Test|Omni.Deploy.0 = Test|x86
		{E952C93A-C25B-4846-BF5B-AA88A88E7E87}.Test|UWP.ActiveCfg = Test|x86
		{E952C93A-C25B-4846-BF5B-AA88A88E7E87}.Test|UWP.Build.0 = Test|x86
		{E952C93A-C25B-4846-BF5B-AA88A88E7E87}.Test|UWP.Deploy.0 = Test|x86
		{C259A50D-5259-47F7-81F6-224ABB8D4644}.Dev|Android.ActiveCfg = Dev|iPhone
		{C259A50D-5259-47F7-81F6-224ABB8D4644}.Dev|CLI.ActiveCfg = Dev|iPhone
		{C259A50D-5259-47F7-81F6-224ABB8D4644}.Dev|Framework.ActiveCfg = Dev|iPhone
		{C259A50D-5259-47F7-81F6-224ABB8D4644}.Dev|iOS.ActiveCfg = Dev|iPhone
		{C259A50D-5259-47F7-81F6-224ABB8D4644}.Dev|iOS.Build.0 = Dev|iPhone
		{C259A50D-5259-47F7-81F6-224ABB8D4644}.Dev|Omni.ActiveCfg = Dev|iPhone
		{C259A50D-5259-47F7-81F6-224ABB8D4644}.Dev|Omni.Build.0 = Dev|iPhone
		{C259A50D-5259-47F7-81F6-224ABB8D4644}.Dev|UWP.ActiveCfg = Dev|iPhone
		{C259A50D-5259-47F7-81F6-224ABB8D4644}.Live|Android.ActiveCfg = Live|iPhone
		{C259A50D-5259-47F7-81F6-224ABB8D4644}.Live|CLI.ActiveCfg = Live|iPhone
		{C259A50D-5259-47F7-81F6-224ABB8D4644}.Live|Framework.ActiveCfg = Live|iPhone
		{C259A50D-5259-47F7-81F6-224ABB8D4644}.Live|iOS.ActiveCfg = Live|iPhone
		{C259A50D-5259-47F7-81F6-224ABB8D4644}.Live|iOS.Build.0 = Live|iPhone
		{C259A50D-5259-47F7-81F6-224ABB8D4644}.Live|Omni.ActiveCfg = Live|iPhone
		{C259A50D-5259-47F7-81F6-224ABB8D4644}.Live|Omni.Build.0 = Live|iPhone
		{C259A50D-5259-47F7-81F6-224ABB8D4644}.Live|UWP.ActiveCfg = Live|iPhone
		{C259A50D-5259-47F7-81F6-224ABB8D4644}.Test|Android.ActiveCfg = Test|iPhone
		{C259A50D-5259-47F7-81F6-224ABB8D4644}.Test|CLI.ActiveCfg = Test|iPhone
		{C259A50D-5259-47F7-81F6-224ABB8D4644}.Test|Framework.ActiveCfg = Test|iPhone
		{C259A50D-5259-47F7-81F6-224ABB8D4644}.Test|iOS.ActiveCfg = Test|iPhone
		{C259A50D-5259-47F7-81F6-224ABB8D4644}.Test|iOS.Build.0 = Test|iPhone
		{C259A50D-5259-47F7-81F6-224ABB8D4644}.Test|Omni.ActiveCfg = Test|iPhone
		{C259A50D-5259-47F7-81F6-224ABB8D4644}.Test|Omni.Build.0 = Test|iPhone
		{C259A50D-5259-47F7-81F6-224ABB8D4644}.Test|UWP.ActiveCfg = Test|iPhone
		{F0D01960-6069-4D05-B418-68474325F107}.Dev|Android.ActiveCfg = Dev|Any CPU
		{F0D01960-6069-4D05-B418-68474325F107}.Dev|Android.Build.0 = Dev|Any CPU
		{F0D01960-6069-4D05-B418-68474325F107}.Dev|CLI.ActiveCfg = Dev|Any CPU
		{F0D01960-6069-4D05-B418-68474325F107}.Dev|Framework.ActiveCfg = Dev|Any CPU
		{F0D01960-6069-4D05-B418-68474325F107}.Dev|iOS.ActiveCfg = Dev|Any CPU
		{F0D01960-6069-4D05-B418-68474325F107}.Dev|iOS.Build.0 = Dev|Any CPU
		{F0D01960-6069-4D05-B418-68474325F107}.Dev|Omni.ActiveCfg = Dev|Any CPU
		{F0D01960-6069-4D05-B418-68474325F107}.Dev|Omni.Build.0 = Dev|Any CPU
		{F0D01960-6069-4D05-B418-68474325F107}.Dev|UWP.ActiveCfg = Dev|Any CPU
		{F0D01960-6069-4D05-B418-68474325F107}.Dev|UWP.Build.0 = Dev|Any CPU
		{F0D01960-6069-4D05-B418-68474325F107}.Live|Android.ActiveCfg = Live|Any CPU
		{F0D01960-6069-4D05-B418-68474325F107}.Live|Android.Build.0 = Live|Any CPU
		{F0D01960-6069-4D05-B418-68474325F107}.Live|CLI.ActiveCfg = Live|Any CPU
		{F0D01960-6069-4D05-B418-68474325F107}.Live|Framework.ActiveCfg = Live|Any CPU
		{F0D01960-6069-4D05-B418-68474325F107}.Live|iOS.ActiveCfg = Live|Any CPU
		{F0D01960-6069-4D05-B418-68474325F107}.Live|iOS.Build.0 = Live|Any CPU
		{F0D01960-6069-4D05-B418-68474325F107}.Live|Omni.ActiveCfg = Live|Any CPU
		{F0D01960-6069-4D05-B418-68474325F107}.Live|Omni.Build.0 = Live|Any CPU
		{F0D01960-6069-4D05-B418-68474325F107}.Live|UWP.ActiveCfg = Live|Any CPU
		{F0D01960-6069-4D05-B418-68474325F107}.Live|UWP.Build.0 = Live|Any CPU
		{F0D01960-6069-4D05-B418-68474325F107}.Test|Android.ActiveCfg = Test|Any CPU
		{F0D01960-6069-4D05-B418-68474325F107}.Test|Android.Build.0 = Test|Any CPU
		{F0D01960-6069-4D05-B418-68474325F107}.Test|CLI.ActiveCfg = Test|Any CPU
		{F0D01960-6069-4D05-B418-68474325F107}.Test|Framework.ActiveCfg = Test|Any CPU
		{F0D01960-6069-4D05-B418-68474325F107}.Test|iOS.ActiveCfg = Test|Any CPU
		{F0D01960-6069-4D05-B418-68474325F107}.Test|iOS.Build.0 = Test|Any CPU
		{F0D01960-6069-4D05-B418-68474325F107}.Test|Omni.ActiveCfg = Test|Any CPU
		{F0D01960-6069-4D05-B418-68474325F107}.Test|Omni.Build.0 = Test|Any CPU
		{F0D01960-6069-4D05-B418-68474325F107}.Test|UWP.ActiveCfg = Test|Any CPU
		{F0D01960-6069-4D05-B418-68474325F107}.Test|UWP.Build.0 = Test|Any CPU
		{1E06BAD3-7C8A-4086-BBE5-EDDFF2CAC9A6}.Dev|Android.ActiveCfg = Dev|Any CPU
		{1E06BAD3-7C8A-4086-BBE5-EDDFF2CAC9A6}.Dev|Android.Build.0 = Dev|Any CPU
		{1E06BAD3-7C8A-4086-BBE5-EDDFF2CAC9A6}.Dev|CLI.ActiveCfg = Dev|Any CPU
		{1E06BAD3-7C8A-4086-BBE5-EDDFF2CAC9A6}.Dev|CLI.Build.0 = Dev|Any CPU
		{1E06BAD3-7C8A-4086-BBE5-EDDFF2CAC9A6}.Dev|Framework.ActiveCfg = Dev|Any CPU
		{1E06BAD3-7C8A-4086-BBE5-EDDFF2CAC9A6}.Dev|Framework.Build.0 = Dev|Any CPU
		{1E06BAD3-7C8A-4086-BBE5-EDDFF2CAC9A6}.Dev|iOS.ActiveCfg = Dev|Any CPU
		{1E06BAD3-7C8A-4086-BBE5-EDDFF2CAC9A6}.Dev|iOS.Build.0 = Dev|Any CPU
		{1E06BAD3-7C8A-4086-BBE5-EDDFF2CAC9A6}.Dev|Omni.ActiveCfg = Dev|Any CPU
		{1E06BAD3-7C8A-4086-BBE5-EDDFF2CAC9A6}.Dev|Omni.Build.0 = Dev|Any CPU
		{1E06BAD3-7C8A-4086-BBE5-EDDFF2CAC9A6}.Dev|UWP.ActiveCfg = Dev|Any CPU
		{1E06BAD3-7C8A-4086-BBE5-EDDFF2CAC9A6}.Dev|UWP.Build.0 = Dev|Any CPU
		{1E06BAD3-7C8A-4086-BBE5-EDDFF2CAC9A6}.Live|Android.ActiveCfg = Live|Any CPU
		{1E06BAD3-7C8A-4086-BBE5-EDDFF2CAC9A6}.Live|Android.Build.0 = Live|Any CPU
		{1E06BAD3-7C8A-4086-BBE5-EDDFF2CAC9A6}.Live|CLI.ActiveCfg = Live|Any CPU
		{1E06BAD3-7C8A-4086-BBE5-EDDFF2CAC9A6}.Live|CLI.Build.0 = Live|Any CPU
		{1E06BAD3-7C8A-4086-BBE5-EDDFF2CAC9A6}.Live|Framework.ActiveCfg = Live|Any CPU
		{1E06BAD3-7C8A-4086-BBE5-EDDFF2CAC9A6}.Live|Framework.Build.0 = Live|Any CPU
		{1E06BAD3-7C8A-4086-BBE5-EDDFF2CAC9A6}.Live|iOS.ActiveCfg = Live|Any CPU
		{1E06BAD3-7C8A-4086-BBE5-EDDFF2CAC9A6}.Live|iOS.Build.0 = Live|Any CPU
		{1E06BAD3-7C8A-4086-BBE5-EDDFF2CAC9A6}.Live|Omni.ActiveCfg = Live|Any CPU
		{1E06BAD3-7C8A-4086-BBE5-EDDFF2CAC9A6}.Live|Omni.Build.0 = Live|Any CPU
		{1E06BAD3-7C8A-4086-BBE5-EDDFF2CAC9A6}.Live|UWP.ActiveCfg = Live|Any CPU
		{1E06BAD3-7C8A-4086-BBE5-EDDFF2CAC9A6}.Live|UWP.Build.0 = Live|Any CPU
		{1E06BAD3-7C8A-4086-BBE5-EDDFF2CAC9A6}.Test|Android.ActiveCfg = Test|Any CPU
		{1E06BAD3-7C8A-4086-BBE5-EDDFF2CAC9A6}.Test|Android.Build.0 = Test|Any CPU
		{1E06BAD3-7C8A-4086-BBE5-EDDFF2CAC9A6}.Test|CLI.ActiveCfg = Test|Any CPU
		{1E06BAD3-7C8A-4086-BBE5-EDDFF2CAC9A6}.Test|CLI.Build.0 = Test|Any CPU
		{1E06BAD3-7C8A-4086-BBE5-EDDFF2CAC9A6}.Test|Framework.ActiveCfg = Test|Any CPU
		{1E06BAD3-7C8A-4086-BBE5-EDDFF2CAC9A6}.Test|Framework.Build.0 = Test|Any CPU
		{1E06BAD3-7C8A-4086-BBE5-EDDFF2CAC9A6}.Test|iOS.ActiveCfg = Test|Any CPU
		{1E06BAD3-7C8A-4086-BBE5-EDDFF2CAC9A6}.Test|iOS.Build.0 = Test|Any CPU
		{1E06BAD3-7C8A-4086-BBE5-EDDFF2CAC9A6}.Test|Omni.ActiveCfg = Test|Any CPU
		{1E06BAD3-7C8A-4086-BBE5-EDDFF2CAC9A6}.Test|Omni.Build.0 = Test|Any CPU
		{1E06BAD3-7C8A-4086-BBE5-EDDFF2CAC9A6}.Test|UWP.ActiveCfg = Test|Any CPU
		{1E06BAD3-7C8A-4086-BBE5-EDDFF2CAC9A6}.Test|UWP.Build.0 = Test|Any CPU
		{91F098B5-A8DE-4930-B9FB-1E90B2E7186A}.Dev|Android.ActiveCfg = Dev|Any CPU
		{91F098B5-A8DE-4930-B9FB-1E90B2E7186A}.Dev|Android.Build.0 = Dev|Any CPU
		{91F098B5-A8DE-4930-B9FB-1E90B2E7186A}.Dev|CLI.ActiveCfg = Dev|Any CPU
		{91F098B5-A8DE-4930-B9FB-1E90B2E7186A}.Dev|Framework.ActiveCfg = Dev|Any CPU
		{91F098B5-A8DE-4930-B9FB-1E90B2E7186A}.Dev|Framework.Build.0 = Dev|Any CPU
		{91F098B5-A8DE-4930-B9FB-1E90B2E7186A}.Dev|iOS.ActiveCfg = Dev|Any CPU
		{91F098B5-A8DE-4930-B9FB-1E90B2E7186A}.Dev|Omni.ActiveCfg = Dev|Any CPU
		{91F098B5-A8DE-4930-B9FB-1E90B2E7186A}.Dev|Omni.Build.0 = Dev|Any CPU
		{91F098B5-A8DE-4930-B9FB-1E90B2E7186A}.Dev|UWP.ActiveCfg = Dev|Any CPU
		{91F098B5-A8DE-4930-B9FB-1E90B2E7186A}.Live|Android.ActiveCfg = Live|Any CPU
		{91F098B5-A8DE-4930-B9FB-1E90B2E7186A}.Live|Android.Build.0 = Live|Any CPU
		{91F098B5-A8DE-4930-B9FB-1E90B2E7186A}.Live|CLI.ActiveCfg = Live|Any CPU
		{91F098B5-A8DE-4930-B9FB-1E90B2E7186A}.Live|Framework.ActiveCfg = Live|Any CPU
		{91F098B5-A8DE-4930-B9FB-1E90B2E7186A}.Live|Framework.Build.0 = Live|Any CPU
		{91F098B5-A8DE-4930-B9FB-1E90B2E7186A}.Live|iOS.ActiveCfg = Live|Any CPU
		{91F098B5-A8DE-4930-B9FB-1E90B2E7186A}.Live|Omni.ActiveCfg = Live|Any CPU
		{91F098B5-A8DE-4930-B9FB-1E90B2E7186A}.Live|Omni.Build.0 = Live|Any CPU
		{91F098B5-A8DE-4930-B9FB-1E90B2E7186A}.Live|UWP.ActiveCfg = Live|Any CPU
		{91F098B5-A8DE-4930-B9FB-1E90B2E7186A}.Test|Android.ActiveCfg = Test|Any CPU
		{91F098B5-A8DE-4930-B9FB-1E90B2E7186A}.Test|Android.Build.0 = Test|Any CPU
		{91F098B5-A8DE-4930-B9FB-1E90B2E7186A}.Test|CLI.ActiveCfg = Test|Any CPU
		{91F098B5-A8DE-4930-B9FB-1E90B2E7186A}.Test|Framework.ActiveCfg = Test|Any CPU
		{91F098B5-A8DE-4930-B9FB-1E90B2E7186A}.Test|Framework.Build.0 = Test|Any CPU
		{91F098B5-A8DE-4930-B9FB-1E90B2E7186A}.Test|iOS.ActiveCfg = Test|Any CPU
		{91F098B5-A8DE-4930-B9FB-1E90B2E7186A}.Test|iOS.Build.0 = Test|Any CPU
		{91F098B5-A8DE-4930-B9FB-1E90B2E7186A}.Test|Omni.ActiveCfg = Test|Any CPU
		{91F098B5-A8DE-4930-B9FB-1E90B2E7186A}.Test|Omni.Build.0 = Test|Any CPU
		{91F098B5-A8DE-4930-B9FB-1E90B2E7186A}.Test|UWP.ActiveCfg = Test|Any CPU
		{E333B316-0FD9-4BC8-A8D3-47EE7CCD4BB6}.Dev|Android.ActiveCfg = Dev|Any CPU
		{E333B316-0FD9-4BC8-A8D3-47EE7CCD4BB6}.Dev|CLI.ActiveCfg = Dev|Any CPU
		{E333B316-0FD9-4BC8-A8D3-47EE7CCD4BB6}.Dev|Framework.ActiveCfg = Dev|Any CPU
		{E333B316-0FD9-4BC8-A8D3-47EE7CCD4BB6}.Dev|Framework.Build.0 = Dev|Any CPU
		{E333B316-0FD9-4BC8-A8D3-47EE7CCD4BB6}.Dev|iOS.ActiveCfg = Dev|Any CPU
		{E333B316-0FD9-4BC8-A8D3-47EE7CCD4BB6}.Dev|iOS.Build.0 = Dev|Any CPU
		{E333B316-0FD9-4BC8-A8D3-47EE7CCD4BB6}.Dev|Omni.ActiveCfg = Dev|Any CPU
		{E333B316-0FD9-4BC8-A8D3-47EE7CCD4BB6}.Dev|Omni.Build.0 = Dev|Any CPU
		{E333B316-0FD9-4BC8-A8D3-47EE7CCD4BB6}.Dev|UWP.ActiveCfg = Dev|Any CPU
		{E333B316-0FD9-4BC8-A8D3-47EE7CCD4BB6}.Live|Android.ActiveCfg = Live|Any CPU
		{E333B316-0FD9-4BC8-A8D3-47EE7CCD4BB6}.Live|CLI.ActiveCfg = Live|Any CPU
		{E333B316-0FD9-4BC8-A8D3-47EE7CCD4BB6}.Live|Framework.ActiveCfg = Live|Any CPU
		{E333B316-0FD9-4BC8-A8D3-47EE7CCD4BB6}.Live|Framework.Build.0 = Live|Any CPU
		{E333B316-0FD9-4BC8-A8D3-47EE7CCD4BB6}.Live|iOS.ActiveCfg = Live|Any CPU
		{E333B316-0FD9-4BC8-A8D3-47EE7CCD4BB6}.Live|iOS.Build.0 = Live|Any CPU
		{E333B316-0FD9-4BC8-A8D3-47EE7CCD4BB6}.Live|Omni.ActiveCfg = Live|Any CPU
		{E333B316-0FD9-4BC8-A8D3-47EE7CCD4BB6}.Live|Omni.Build.0 = Live|Any CPU
		{E333B316-0FD9-4BC8-A8D3-47EE7CCD4BB6}.Live|UWP.ActiveCfg = Live|Any CPU
		{E333B316-0FD9-4BC8-A8D3-47EE7CCD4BB6}.Test|Android.ActiveCfg = Test|Any CPU
		{E333B316-0FD9-4BC8-A8D3-47EE7CCD4BB6}.Test|CLI.ActiveCfg = Test|Any CPU
		{E333B316-0FD9-4BC8-A8D3-47EE7CCD4BB6}.Test|Framework.ActiveCfg = Test|Any CPU
		{E333B316-0FD9-4BC8-A8D3-47EE7CCD4BB6}.Test|Framework.Build.0 = Test|Any CPU
		{E333B316-0FD9-4BC8-A8D3-47EE7CCD4BB6}.Test|iOS.ActiveCfg = Test|Any CPU
		{E333B316-0FD9-4BC8-A8D3-47EE7CCD4BB6}.Test|iOS.Build.0 = Test|Any CPU
		{E333B316-0FD9-4BC8-A8D3-47EE7CCD4BB6}.Test|Omni.ActiveCfg = Test|Any CPU
		{E333B316-0FD9-4BC8-A8D3-47EE7CCD4BB6}.Test|Omni.Build.0 = Test|Any CPU
		{E333B316-0FD9-4BC8-A8D3-47EE7CCD4BB6}.Test|UWP.ActiveCfg = Test|Any CPU
		{1036EF47-AA0A-4650-817C-7F7A3DA4BF12}.Dev|Android.ActiveCfg = Dev|Any CPU
		{1036EF47-AA0A-4650-817C-7F7A3DA4BF12}.Dev|CLI.ActiveCfg = Dev|Any CPU
		{1036EF47-AA0A-4650-817C-7F7A3DA4BF12}.Dev|Framework.ActiveCfg = Dev|Any CPU
		{1036EF47-AA0A-4650-817C-7F7A3DA4BF12}.Dev|Framework.Build.0 = Dev|Any CPU
		{1036EF47-AA0A-4650-817C-7F7A3DA4BF12}.Dev|iOS.ActiveCfg = Dev|Any CPU
		{1036EF47-AA0A-4650-817C-7F7A3DA4BF12}.Dev|Omni.ActiveCfg = Dev|Any CPU
		{1036EF47-AA0A-4650-817C-7F7A3DA4BF12}.Dev|Omni.Build.0 = Dev|Any CPU
		{1036EF47-AA0A-4650-817C-7F7A3DA4BF12}.Dev|UWP.ActiveCfg = Dev|Any CPU
		{1036EF47-AA0A-4650-817C-7F7A3DA4BF12}.Dev|UWP.Build.0 = Dev|Any CPU
		{1036EF47-AA0A-4650-817C-7F7A3DA4BF12}.Live|Android.ActiveCfg = Live|Any CPU
		{1036EF47-AA0A-4650-817C-7F7A3DA4BF12}.Live|CLI.ActiveCfg = Live|Any CPU
		{1036EF47-AA0A-4650-817C-7F7A3DA4BF12}.Live|Framework.ActiveCfg = Live|Any CPU
		{1036EF47-AA0A-4650-817C-7F7A3DA4BF12}.Live|Framework.Build.0 = Live|Any CPU
		{1036EF47-AA0A-4650-817C-7F7A3DA4BF12}.Live|iOS.ActiveCfg = Live|Any CPU
		{1036EF47-AA0A-4650-817C-7F7A3DA4BF12}.Live|Omni.ActiveCfg = Live|Any CPU
		{1036EF47-AA0A-4650-817C-7F7A3DA4BF12}.Live|Omni.Build.0 = Live|Any CPU
		{1036EF47-AA0A-4650-817C-7F7A3DA4BF12}.Live|UWP.ActiveCfg = Live|Any CPU
		{1036EF47-AA0A-4650-817C-7F7A3DA4BF12}.Live|UWP.Build.0 = Live|Any CPU
		{1036EF47-AA0A-4650-817C-7F7A3DA4BF12}.Test|Android.ActiveCfg = Test|Any CPU
		{1036EF47-AA0A-4650-817C-7F7A3DA4BF12}.Test|CLI.ActiveCfg = Test|Any CPU
		{1036EF47-AA0A-4650-817C-7F7A3DA4BF12}.Test|Framework.ActiveCfg = Test|Any CPU
		{1036EF47-AA0A-4650-817C-7F7A3DA4BF12}.Test|Framework.Build.0 = Test|Any CPU
		{1036EF47-AA0A-4650-817C-7F7A3DA4BF12}.Test|iOS.ActiveCfg = Test|Any CPU
		{1036EF47-AA0A-4650-817C-7F7A3DA4BF12}.Test|iOS.Build.0 = Test|Any CPU
		{1036EF47-AA0A-4650-817C-7F7A3DA4BF12}.Test|Omni.ActiveCfg = Test|Any CPU
		{1036EF47-AA0A-4650-817C-7F7A3DA4BF12}.Test|Omni.Build.0 = Test|Any CPU
		{1036EF47-AA0A-4650-817C-7F7A3DA4BF12}.Test|UWP.ActiveCfg = Test|Any CPU
		{1036EF47-AA0A-4650-817C-7F7A3DA4BF12}.Test|UWP.Build.0 = Test|Any CPU
		{B8B6AB04-1C4C-42C0-858F-5797DF7E949D}.Dev|Android.ActiveCfg = Dev|Any CPU
		{B8B6AB04-1C4C-42C0-858F-5797DF7E949D}.Dev|CLI.ActiveCfg = Dev|Any CPU
		{B8B6AB04-1C4C-42C0-858F-5797DF7E949D}.Dev|CLI.Build.0 = Dev|Any CPU
		{B8B6AB04-1C4C-42C0-858F-5797DF7E949D}.Dev|Framework.ActiveCfg = Dev|Any CPU
		{B8B6AB04-1C4C-42C0-858F-5797DF7E949D}.Dev|iOS.ActiveCfg = Dev|Any CPU
		{B8B6AB04-1C4C-42C0-858F-5797DF7E949D}.Dev|Omni.ActiveCfg = Dev|Any CPU
		{B8B6AB04-1C4C-42C0-858F-5797DF7E949D}.Dev|Omni.Build.0 = Dev|Any CPU
		{B8B6AB04-1C4C-42C0-858F-5797DF7E949D}.Dev|UWP.ActiveCfg = Dev|Any CPU
		{B8B6AB04-1C4C-42C0-858F-5797DF7E949D}.Live|Android.ActiveCfg = Live|Any CPU
		{B8B6AB04-1C4C-42C0-858F-5797DF7E949D}.Live|CLI.ActiveCfg = Live|Any CPU
		{B8B6AB04-1C4C-42C0-858F-5797DF7E949D}.Live|CLI.Build.0 = Live|Any CPU
		{B8B6AB04-1C4C-42C0-858F-5797DF7E949D}.Live|Framework.ActiveCfg = Live|Any CPU
		{B8B6AB04-1C4C-42C0-858F-5797DF7E949D}.Live|iOS.ActiveCfg = Live|Any CPU
		{B8B6AB04-1C4C-42C0-858F-5797DF7E949D}.Live|Omni.ActiveCfg = Live|Any CPU
		{B8B6AB04-1C4C-42C0-858F-5797DF7E949D}.Live|Omni.Build.0 = Live|Any CPU
		{B8B6AB04-1C4C-42C0-858F-5797DF7E949D}.Live|UWP.ActiveCfg = Live|Any CPU
		{B8B6AB04-1C4C-42C0-858F-5797DF7E949D}.Test|Android.ActiveCfg = Test|Any CPU
		{B8B6AB04-1C4C-42C0-858F-5797DF7E949D}.Test|CLI.ActiveCfg = Test|Any CPU
		{B8B6AB04-1C4C-42C0-858F-5797DF7E949D}.Test|CLI.Build.0 = Test|Any CPU
		{B8B6AB04-1C4C-42C0-858F-5797DF7E949D}.Test|Framework.ActiveCfg = Test|Any CPU
		{B8B6AB04-1C4C-42C0-858F-5797DF7E949D}.Test|iOS.ActiveCfg = Test|Any CPU
		{B8B6AB04-1C4C-42C0-858F-5797DF7E949D}.Test|iOS.Build.0 = Test|Any CPU
		{B8B6AB04-1C4C-42C0-858F-5797DF7E949D}.Test|Omni.ActiveCfg = Test|Any CPU
		{B8B6AB04-1C4C-42C0-858F-5797DF7E949D}.Test|Omni.Build.0 = Test|Any CPU
		{B8B6AB04-1C4C-42C0-858F-5797DF7E949D}.Test|UWP.ActiveCfg = Test|Any CPU
		{EC1B8EE1-BBFC-4189-97C4-283B3D93A4B5}.Dev|Android.ActiveCfg = Dev|Any CPU
		{EC1B8EE1-BBFC-4189-97C4-283B3D93A4B5}.Dev|CLI.ActiveCfg = Dev|Any CPU
		{EC1B8EE1-BBFC-4189-97C4-283B3D93A4B5}.Dev|CLI.Build.0 = Dev|Any CPU
		{EC1B8EE1-BBFC-4189-97C4-283B3D93A4B5}.Dev|Framework.ActiveCfg = Dev|Any CPU
		{EC1B8EE1-BBFC-4189-97C4-283B3D93A4B5}.Dev|Framework.Build.0 = Dev|Any CPU
		{EC1B8EE1-BBFC-4189-97C4-283B3D93A4B5}.Dev|iOS.ActiveCfg = Dev|Any CPU
		{EC1B8EE1-BBFC-4189-97C4-283B3D93A4B5}.Dev|Omni.ActiveCfg = Dev|Any CPU
		{EC1B8EE1-BBFC-4189-97C4-283B3D93A4B5}.Dev|Omni.Build.0 = Dev|Any CPU
		{EC1B8EE1-BBFC-4189-97C4-283B3D93A4B5}.Dev|UWP.ActiveCfg = Dev|Any CPU
		{EC1B8EE1-BBFC-4189-97C4-283B3D93A4B5}.Live|Android.ActiveCfg = Live|Any CPU
		{EC1B8EE1-BBFC-4189-97C4-283B3D93A4B5}.Live|CLI.ActiveCfg = Live|Any CPU
		{EC1B8EE1-BBFC-4189-97C4-283B3D93A4B5}.Live|CLI.Build.0 = Live|Any CPU
		{EC1B8EE1-BBFC-4189-97C4-283B3D93A4B5}.Live|Framework.ActiveCfg = Live|Any CPU
		{EC1B8EE1-BBFC-4189-97C4-283B3D93A4B5}.Live|Framework.Build.0 = Live|Any CPU
		{EC1B8EE1-BBFC-4189-97C4-283B3D93A4B5}.Live|iOS.ActiveCfg = Live|Any CPU
		{EC1B8EE1-BBFC-4189-97C4-283B3D93A4B5}.Live|Omni.ActiveCfg = Live|Any CPU
		{EC1B8EE1-BBFC-4189-97C4-283B3D93A4B5}.Live|Omni.Build.0 = Live|Any CPU
		{EC1B8EE1-BBFC-4189-97C4-283B3D93A4B5}.Live|UWP.ActiveCfg = Live|Any CPU
		{EC1B8EE1-BBFC-4189-97C4-283B3D93A4B5}.Test|Android.ActiveCfg = Test|Any CPU
		{EC1B8EE1-BBFC-4189-97C4-283B3D93A4B5}.Test|CLI.ActiveCfg = Test|Any CPU
		{EC1B8EE1-BBFC-4189-97C4-283B3D93A4B5}.Test|CLI.Build.0 = Test|Any CPU
		{EC1B8EE1-BBFC-4189-97C4-283B3D93A4B5}.Test|Framework.ActiveCfg = Test|Any CPU
		{EC1B8EE1-BBFC-4189-97C4-283B3D93A4B5}.Test|Framework.Build.0 = Test|Any CPU
		{EC1B8EE1-BBFC-4189-97C4-283B3D93A4B5}.Test|iOS.ActiveCfg = Test|Any CPU
		{EC1B8EE1-BBFC-4189-97C4-283B3D93A4B5}.Test|iOS.Build.0 = Test|Any CPU
		{EC1B8EE1-BBFC-4189-97C4-283B3D93A4B5}.Test|Omni.ActiveCfg = Test|Any CPU
		{EC1B8EE1-BBFC-4189-97C4-283B3D93A4B5}.Test|Omni.Build.0 = Test|Any CPU
		{EC1B8EE1-BBFC-4189-97C4-283B3D93A4B5}.Test|UWP.ActiveCfg = Test|Any CPU
		{6574917C-2B29-426C-9451-F34E555BF2CF}.Dev|Android.ActiveCfg = Dev|Any CPU
		{6574917C-2B29-426C-9451-F34E555BF2CF}.Dev|Android.Build.0 = Dev|Any CPU
		{6574917C-2B29-426C-9451-F34E555BF2CF}.Dev|CLI.ActiveCfg = Dev|Any CPU
		{6574917C-2B29-426C-9451-F34E555BF2CF}.Dev|Framework.ActiveCfg = Dev|Any CPU
		{6574917C-2B29-426C-9451-F34E555BF2CF}.Dev|Framework.Build.0 = Dev|Any CPU
		{6574917C-2B29-426C-9451-F34E555BF2CF}.Dev|iOS.ActiveCfg = Dev|Any CPU
		{6574917C-2B29-426C-9451-F34E555BF2CF}.Dev|iOS.Build.0 = Dev|Any CPU
		{6574917C-2B29-426C-9451-F34E555BF2CF}.Dev|Omni.ActiveCfg = Dev|Any CPU
		{6574917C-2B29-426C-9451-F34E555BF2CF}.Dev|Omni.Build.0 = Dev|Any CPU
		{6574917C-2B29-426C-9451-F34E555BF2CF}.Dev|UWP.ActiveCfg = Dev|Any CPU
		{6574917C-2B29-426C-9451-F34E555BF2CF}.Dev|UWP.Build.0 = Dev|Any CPU
		{6574917C-2B29-426C-9451-F34E555BF2CF}.Live|Android.ActiveCfg = Live|Any CPU
		{6574917C-2B29-426C-9451-F34E555BF2CF}.Live|Android.Build.0 = Live|Any CPU
		{6574917C-2B29-426C-9451-F34E555BF2CF}.Live|CLI.ActiveCfg = Live|Any CPU
		{6574917C-2B29-426C-9451-F34E555BF2CF}.Live|Framework.ActiveCfg = Live|Any CPU
		{6574917C-2B29-426C-9451-F34E555BF2CF}.Live|Framework.Build.0 = Live|Any CPU
		{6574917C-2B29-426C-9451-F34E555BF2CF}.Live|iOS.ActiveCfg = Live|Any CPU
		{6574917C-2B29-426C-9451-F34E555BF2CF}.Live|iOS.Build.0 = Live|Any CPU
		{6574917C-2B29-426C-9451-F34E555BF2CF}.Live|Omni.ActiveCfg = Live|Any CPU
		{6574917C-2B29-426C-9451-F34E555BF2CF}.Live|Omni.Build.0 = Live|Any CPU
		{6574917C-2B29-426C-9451-F34E555BF2CF}.Live|UWP.ActiveCfg = Live|Any CPU
		{6574917C-2B29-426C-9451-F34E555BF2CF}.Live|UWP.Build.0 = Live|Any CPU
		{6574917C-2B29-426C-9451-F34E555BF2CF}.Test|Android.ActiveCfg = Test|Any CPU
		{6574917C-2B29-426C-9451-F34E555BF2CF}.Test|Android.Build.0 = Test|Any CPU
		{6574917C-2B29-426C-9451-F34E555BF2CF}.Test|CLI.ActiveCfg = Test|Any CPU
		{6574917C-2B29-426C-9451-F34E555BF2CF}.Test|Framework.ActiveCfg = Test|Any CPU
		{6574917C-2B29-426C-9451-F34E555BF2CF}.Test|Framework.Build.0 = Test|Any CPU
		{6574917C-2B29-426C-9451-F34E555BF2CF}.Test|iOS.ActiveCfg = Test|Any CPU
		{6574917C-2B29-426C-9451-F34E555BF2CF}.Test|iOS.Build.0 = Test|Any CPU
		{6574917C-2B29-426C-9451-F34E555BF2CF}.Test|Omni.ActiveCfg = Test|Any CPU
		{6574917C-2B29-426C-9451-F34E555BF2CF}.Test|Omni.Build.0 = Test|Any CPU
		{6574917C-2B29-426C-9451-F34E555BF2CF}.Test|UWP.ActiveCfg = Test|Any CPU
		{6574917C-2B29-426C-9451-F34E555BF2CF}.Test|UWP.Build.0 = Test|Any CPU
		{D5CE145E-AF2F-43D3-803A-946701104D47}.Dev|Android.ActiveCfg = Dev|Any CPU
		{D5CE145E-AF2F-43D3-803A-946701104D47}.Dev|Android.Build.0 = Dev|Any CPU
		{D5CE145E-AF2F-43D3-803A-946701104D47}.Dev|CLI.ActiveCfg = Dev|Any CPU
		{D5CE145E-AF2F-43D3-803A-946701104D47}.Dev|Framework.ActiveCfg = Dev|Any CPU
		{D5CE145E-AF2F-43D3-803A-946701104D47}.Dev|Framework.Build.0 = Dev|Any CPU
		{D5CE145E-AF2F-43D3-803A-946701104D47}.Dev|iOS.ActiveCfg = Dev|Any CPU
		{D5CE145E-AF2F-43D3-803A-946701104D47}.Dev|Omni.ActiveCfg = Dev|Any CPU
		{D5CE145E-AF2F-43D3-803A-946701104D47}.Dev|Omni.Build.0 = Dev|Any CPU
		{D5CE145E-AF2F-43D3-803A-946701104D47}.Dev|UWP.ActiveCfg = Dev|Any CPU
		{D5CE145E-AF2F-43D3-803A-946701104D47}.Live|Android.ActiveCfg = Live|Any CPU
		{D5CE145E-AF2F-43D3-803A-946701104D47}.Live|Android.Build.0 = Live|Any CPU
		{D5CE145E-AF2F-43D3-803A-946701104D47}.Live|CLI.ActiveCfg = Live|Any CPU
		{D5CE145E-AF2F-43D3-803A-946701104D47}.Live|Framework.ActiveCfg = Live|Any CPU
		{D5CE145E-AF2F-43D3-803A-946701104D47}.Live|Framework.Build.0 = Live|Any CPU
		{D5CE145E-AF2F-43D3-803A-946701104D47}.Live|iOS.ActiveCfg = Live|Any CPU
		{D5CE145E-AF2F-43D3-803A-946701104D47}.Live|Omni.ActiveCfg = Live|Any CPU
		{D5CE145E-AF2F-43D3-803A-946701104D47}.Live|Omni.Build.0 = Live|Any CPU
		{D5CE145E-AF2F-43D3-803A-946701104D47}.Live|UWP.ActiveCfg = Live|Any CPU
		{D5CE145E-AF2F-43D3-803A-946701104D47}.Test|Android.ActiveCfg = Test|Any CPU
		{D5CE145E-AF2F-43D3-803A-946701104D47}.Test|Android.Build.0 = Test|Any CPU
		{D5CE145E-AF2F-43D3-803A-946701104D47}.Test|CLI.ActiveCfg = Test|Any CPU
		{D5CE145E-AF2F-43D3-803A-946701104D47}.Test|Framework.ActiveCfg = Test|Any CPU
		{D5CE145E-AF2F-43D3-803A-946701104D47}.Test|Framework.Build.0 = Test|Any CPU
		{D5CE145E-AF2F-43D3-803A-946701104D47}.Test|iOS.ActiveCfg = Test|Any CPU
		{D5CE145E-AF2F-43D3-803A-946701104D47}.Test|iOS.Build.0 = Test|Any CPU
		{D5CE145E-AF2F-43D3-803A-946701104D47}.Test|Omni.ActiveCfg = Test|Any CPU
		{D5CE145E-AF2F-43D3-803A-946701104D47}.Test|Omni.Build.0 = Test|Any CPU
		{D5CE145E-AF2F-43D3-803A-946701104D47}.Test|UWP.ActiveCfg = Test|Any CPU
		{0578AF54-2E09-425A-91C1-A47990EC2AB9}.Dev|Android.ActiveCfg = Dev|Any CPU
		{0578AF54-2E09-425A-91C1-A47990EC2AB9}.Dev|CLI.ActiveCfg = Dev|Any CPU
		{0578AF54-2E09-425A-91C1-A47990EC2AB9}.Dev|Framework.ActiveCfg = Dev|Any CPU
		{0578AF54-2E09-425A-91C1-A47990EC2AB9}.Dev|Framework.Build.0 = Dev|Any CPU
		{0578AF54-2E09-425A-91C1-A47990EC2AB9}.Dev|iOS.ActiveCfg = Dev|Any CPU
		{0578AF54-2E09-425A-91C1-A47990EC2AB9}.Dev|iOS.Build.0 = Dev|Any CPU
		{0578AF54-2E09-425A-91C1-A47990EC2AB9}.Dev|Omni.ActiveCfg = Dev|Any CPU
		{0578AF54-2E09-425A-91C1-A47990EC2AB9}.Dev|Omni.Build.0 = Dev|Any CPU
		{0578AF54-2E09-425A-91C1-A47990EC2AB9}.Dev|UWP.ActiveCfg = Dev|Any CPU
		{0578AF54-2E09-425A-91C1-A47990EC2AB9}.Live|Android.ActiveCfg = Live|Any CPU
		{0578AF54-2E09-425A-91C1-A47990EC2AB9}.Live|CLI.ActiveCfg = Live|Any CPU
		{0578AF54-2E09-425A-91C1-A47990EC2AB9}.Live|Framework.ActiveCfg = Live|Any CPU
		{0578AF54-2E09-425A-91C1-A47990EC2AB9}.Live|Framework.Build.0 = Live|Any CPU
		{0578AF54-2E09-425A-91C1-A47990EC2AB9}.Live|iOS.ActiveCfg = Live|Any CPU
		{0578AF54-2E09-425A-91C1-A47990EC2AB9}.Live|iOS.Build.0 = Live|Any CPU
		{0578AF54-2E09-425A-91C1-A47990EC2AB9}.Live|Omni.ActiveCfg = Live|Any CPU
		{0578AF54-2E09-425A-91C1-A47990EC2AB9}.Live|Omni.Build.0 = Live|Any CPU
		{0578AF54-2E09-425A-91C1-A47990EC2AB9}.Live|UWP.ActiveCfg = Live|Any CPU
		{0578AF54-2E09-425A-91C1-A47990EC2AB9}.Test|Android.ActiveCfg = Test|Any CPU
		{0578AF54-2E09-425A-91C1-A47990EC2AB9}.Test|CLI.ActiveCfg = Test|Any CPU
		{0578AF54-2E09-425A-91C1-A47990EC2AB9}.Test|Framework.ActiveCfg = Test|Any CPU
		{0578AF54-2E09-425A-91C1-A47990EC2AB9}.Test|Framework.Build.0 = Test|Any CPU
		{0578AF54-2E09-425A-91C1-A47990EC2AB9}.Test|iOS.ActiveCfg = Test|Any CPU
		{0578AF54-2E09-425A-91C1-A47990EC2AB9}.Test|iOS.Build.0 = Test|Any CPU
		{0578AF54-2E09-425A-91C1-A47990EC2AB9}.Test|Omni.ActiveCfg = Test|Any CPU
		{0578AF54-2E09-425A-91C1-A47990EC2AB9}.Test|Omni.Build.0 = Test|Any CPU
		{0578AF54-2E09-425A-91C1-A47990EC2AB9}.Test|UWP.ActiveCfg = Test|Any CPU
		{8802F897-6E76-47C6-A10C-9C3C98C55370}.Dev|Android.ActiveCfg = Dev|Any CPU
		{8802F897-6E76-47C6-A10C-9C3C98C55370}.Dev|CLI.ActiveCfg = Dev|Any CPU
		{8802F897-6E76-47C6-A10C-9C3C98C55370}.Dev|Framework.ActiveCfg = Dev|Any CPU
		{8802F897-6E76-47C6-A10C-9C3C98C55370}.Dev|Framework.Build.0 = Dev|Any CPU
		{8802F897-6E76-47C6-A10C-9C3C98C55370}.Dev|iOS.ActiveCfg = Dev|Any CPU
		{8802F897-6E76-47C6-A10C-9C3C98C55370}.Dev|Omni.ActiveCfg = Dev|Any CPU
		{8802F897-6E76-47C6-A10C-9C3C98C55370}.Dev|Omni.Build.0 = Dev|Any CPU
		{8802F897-6E76-47C6-A10C-9C3C98C55370}.Dev|UWP.ActiveCfg = Dev|Any CPU
		{8802F897-6E76-47C6-A10C-9C3C98C55370}.Dev|UWP.Build.0 = Dev|Any CPU
		{8802F897-6E76-47C6-A10C-9C3C98C55370}.Live|Android.ActiveCfg = Live|Any CPU
		{8802F897-6E76-47C6-A10C-9C3C98C55370}.Live|CLI.ActiveCfg = Live|Any CPU
		{8802F897-6E76-47C6-A10C-9C3C98C55370}.Live|Framework.ActiveCfg = Live|Any CPU
		{8802F897-6E76-47C6-A10C-9C3C98C55370}.Live|Framework.Build.0 = Live|Any CPU
		{8802F897-6E76-47C6-A10C-9C3C98C55370}.Live|iOS.ActiveCfg = Live|Any CPU
		{8802F897-6E76-47C6-A10C-9C3C98C55370}.Live|Omni.ActiveCfg = Live|Any CPU
		{8802F897-6E76-47C6-A10C-9C3C98C55370}.Live|Omni.Build.0 = Live|Any CPU
		{8802F897-6E76-47C6-A10C-9C3C98C55370}.Live|UWP.ActiveCfg = Live|Any CPU
		{8802F897-6E76-47C6-A10C-9C3C98C55370}.Live|UWP.Build.0 = Live|Any CPU
		{8802F897-6E76-47C6-A10C-9C3C98C55370}.Test|Android.ActiveCfg = Test|Any CPU
		{8802F897-6E76-47C6-A10C-9C3C98C55370}.Test|CLI.ActiveCfg = Test|Any CPU
		{8802F897-6E76-47C6-A10C-9C3C98C55370}.Test|Framework.ActiveCfg = Test|Any CPU
		{8802F897-6E76-47C6-A10C-9C3C98C55370}.Test|Framework.Build.0 = Test|Any CPU
		{8802F897-6E76-47C6-A10C-9C3C98C55370}.Test|iOS.ActiveCfg = Test|Any CPU
		{8802F897-6E76-47C6-A10C-9C3C98C55370}.Test|iOS.Build.0 = Test|Any CPU
		{8802F897-6E76-47C6-A10C-9C3C98C55370}.Test|Omni.ActiveCfg = Test|Any CPU
		{8802F897-6E76-47C6-A10C-9C3C98C55370}.Test|Omni.Build.0 = Test|Any CPU
		{8802F897-6E76-47C6-A10C-9C3C98C55370}.Test|UWP.ActiveCfg = Test|Any CPU
		{8802F897-6E76-47C6-A10C-9C3C98C55370}.Test|UWP.Build.0 = Test|Any CPU
	EndGlobalSection
	GlobalSection(SolutionProperties) = preSolution
		HideSolutionNode = FALSE
	EndGlobalSection
	GlobalSection(NestedProjects) = preSolution
		{41AE94D8-50AC-4126-998C-C462FA371659} = {A20523F9-24C1-45BD-9390-98BAED484293}
		{E952C93A-C25B-4846-BF5B-AA88A88E7E87} = {A20523F9-24C1-45BD-9390-98BAED484293}
		{C259A50D-5259-47F7-81F6-224ABB8D4644} = {A20523F9-24C1-45BD-9390-98BAED484293}
		{F0D01960-6069-4D05-B418-68474325F107} = {B4B04FCA-D394-47B1-97FE-BE6529895CD0}
		{1E06BAD3-7C8A-4086-BBE5-EDDFF2CAC9A6} = {033BE92B-A3EF-4A3E-8C01-9945422891D8}
		{91F098B5-A8DE-4930-B9FB-1E90B2E7186A} = {033BE92B-A3EF-4A3E-8C01-9945422891D8}
		{E333B316-0FD9-4BC8-A8D3-47EE7CCD4BB6} = {033BE92B-A3EF-4A3E-8C01-9945422891D8}
		{1036EF47-AA0A-4650-817C-7F7A3DA4BF12} = {033BE92B-A3EF-4A3E-8C01-9945422891D8}
		{B8B6AB04-1C4C-42C0-858F-5797DF7E949D} = {A20523F9-24C1-45BD-9390-98BAED484293}
		{EC1B8EE1-BBFC-4189-97C4-283B3D93A4B5} = {033BE92B-A3EF-4A3E-8C01-9945422891D8}
		{23B624C5-5BFB-4089-A30A-ACACAD80F99E} = {033BE92B-A3EF-4A3E-8C01-9945422891D8}
		{6574917C-2B29-426C-9451-F34E555BF2CF} = {23B624C5-5BFB-4089-A30A-ACACAD80F99E}
		{D5CE145E-AF2F-43D3-803A-946701104D47} = {23B624C5-5BFB-4089-A30A-ACACAD80F99E}
		{0578AF54-2E09-425A-91C1-A47990EC2AB9} = {23B624C5-5BFB-4089-A30A-ACACAD80F99E}
		{8802F897-6E76-47C6-A10C-9C3C98C55370} = {23B624C5-5BFB-4089-A30A-ACACAD80F99E}
		{FBDF65AB-D966-44B6-AEAE-9A00158014F0} = {BDACE9DB-0E0C-44E4-BC57-878B3481B82C}
	EndGlobalSection
	GlobalSection(ExtensibilityGlobals) = postSolution
		SolutionGuid = {ABCE21BA-3EE8-48DA-A207-C3883E7F2CD3}
	EndGlobalSection
EndGlobal
