
Microsoft Visual Studio Solution File, Format Version 12.00
# Visual Studio 15
VisualStudioVersion = 15.0.27004.2009
MinimumVisualStudioVersion = 10.0.40219.1
Project("{FAE04EC0-301F-11D3-BF4B-00C04F79EFBC}") = "XDash.Android", "XDash.Android\XDash.Android.csproj", "{41AE94D8-50AC-4126-998C-C462FA371659}"
	ProjectSection(ProjectDependencies) = postProject
		{91F098B5-A8DE-4930-B9FB-1E90B2E7186A} = {91F098B5-A8DE-4930-B9FB-1E90B2E7186A}
		{1E06BAD3-7C8A-4086-BBE5-EDDFF2CAC9A6} = {1E06BAD3-7C8A-4086-BBE5-EDDFF2CAC9A6}
	EndProjectSection
EndProject
Project("{FAE04EC0-301F-11D3-BF4B-00C04F79EFBC}") = "XDash.UWP", "XDash.UWP\XDash.UWP.csproj", "{E952C93A-C25B-4846-BF5B-AA88A88E7E87}"
	ProjectSection(ProjectDependencies) = postProject
		{1036EF47-AA0A-4650-817C-7F7A3DA4BF12} = {1036EF47-AA0A-4650-817C-7F7A3DA4BF12}
		{1E06BAD3-7C8A-4086-BBE5-EDDFF2CAC9A6} = {1E06BAD3-7C8A-4086-BBE5-EDDFF2CAC9A6}
	EndProjectSection
EndProject
Project("{FAE04EC0-301F-11D3-BF4B-00C04F79EFBC}") = "XDash.iOS", "XDash.iOS\XDash.iOS.csproj", "{C259A50D-5259-47F7-81F6-224ABB8D4644}"
	ProjectSection(ProjectDependencies) = postProject
		{E333B316-0FD9-4BC8-A8D3-47EE7CCD4BB6} = {E333B316-0FD9-4BC8-A8D3-47EE7CCD4BB6}
		{1E06BAD3-7C8A-4086-BBE5-EDDFF2CAC9A6} = {1E06BAD3-7C8A-4086-BBE5-EDDFF2CAC9A6}
	EndProjectSection
EndProject
Project("{9A19103F-16F7-4668-BE54-9A1E7A4F7556}") = "XDash", "XDash\XDash.csproj", "{F0D01960-6069-4D05-B418-68474325F107}"
	ProjectSection(ProjectDependencies) = postProject
		{1E06BAD3-7C8A-4086-BBE5-EDDFF2CAC9A6} = {1E06BAD3-7C8A-4086-BBE5-EDDFF2CAC9A6}
	EndProjectSection
EndProject
Project("{2150E333-8FDC-42A3-9474-1A3956D46DE8}") = "Core", "Core", "{B4B04FCA-D394-47B1-97FE-BE6529895CD0}"
EndProject
Project("{2150E333-8FDC-42A3-9474-1A3956D46DE8}") = "UI", "UI", "{A20523F9-24C1-45BD-9390-98BAED484293}"
EndProject
Project("{2150E333-8FDC-42A3-9474-1A3956D46DE8}") = "Framework", "Framework", "{033BE92B-A3EF-4A3E-8C01-9945422891D8}"
EndProject
Project("{9A19103F-16F7-4668-BE54-9A1E7A4F7556}") = "XDash.Framework", "XDash.Framework\XDash.Framework.csproj", "{1E06BAD3-7C8A-4086-BBE5-EDDFF2CAC9A6}"
EndProject
Project("{FAE04EC0-301F-11D3-BF4B-00C04F79EFBC}") = "XDash.Framework.Android", "XDash.Framework.Android\XDash.Framework.Android.csproj", "{91F098B5-A8DE-4930-B9FB-1E90B2E7186A}"
	ProjectSection(ProjectDependencies) = postProject
		{1E06BAD3-7C8A-4086-BBE5-EDDFF2CAC9A6} = {1E06BAD3-7C8A-4086-BBE5-EDDFF2CAC9A6}
	EndProjectSection
EndProject
Project("{FAE04EC0-301F-11D3-BF4B-00C04F79EFBC}") = "XDash.Framework.iOS", "XDash.Framework.iOS\XDash.Framework.iOS.csproj", "{E333B316-0FD9-4BC8-A8D3-47EE7CCD4BB6}"
	ProjectSection(ProjectDependencies) = postProject
		{1E06BAD3-7C8A-4086-BBE5-EDDFF2CAC9A6} = {1E06BAD3-7C8A-4086-BBE5-EDDFF2CAC9A6}
	EndProjectSection
EndProject
Project("{FAE04EC0-301F-11D3-BF4B-00C04F79EFBC}") = "XDash.Framework.UWP", "XDash.Framework.UWP\XDash.Framework.UWP.csproj", "{1036EF47-AA0A-4650-817C-7F7A3DA4BF12}"
	ProjectSection(ProjectDependencies) = postProject
		{1E06BAD3-7C8A-4086-BBE5-EDDFF2CAC9A6} = {1E06BAD3-7C8A-4086-BBE5-EDDFF2CAC9A6}
	EndProjectSection
EndProject
Project("{2150E333-8FDC-42A3-9474-1A3956D46DE8}") = "Test", "Test", "{D1774CC0-90A1-4F9E-BB16-ADACD455064A}"
EndProject
Project("{FAE04EC0-301F-11D3-BF4B-00C04F79EFBC}") = "XDash.Test", "XDash.Test\XDash.Test.csproj", "{009C6AB6-8D1A-4319-832E-763D15FF6A78}"
EndProject
Global
	GlobalSection(SolutionConfigurationPlatforms) = preSolution
		Ad-Hoc|Any CPU = Ad-Hoc|Any CPU
		Ad-Hoc|ARM = Ad-Hoc|ARM
		Ad-Hoc|iPhone = Ad-Hoc|iPhone
		Ad-Hoc|iPhoneSimulator = Ad-Hoc|iPhoneSimulator
		Ad-Hoc|x64 = Ad-Hoc|x64
		Ad-Hoc|x86 = Ad-Hoc|x86
		AppStore|Any CPU = AppStore|Any CPU
		AppStore|ARM = AppStore|ARM
		AppStore|iPhone = AppStore|iPhone
		AppStore|iPhoneSimulator = AppStore|iPhoneSimulator
		AppStore|x64 = AppStore|x64
		AppStore|x86 = AppStore|x86
		Debug|Any CPU = Debug|Any CPU
		Debug|ARM = Debug|ARM
		Debug|iPhone = Debug|iPhone
		Debug|iPhoneSimulator = Debug|iPhoneSimulator
		Debug|x64 = Debug|x64
		Debug|x86 = Debug|x86
		Release|Any CPU = Release|Any CPU
		Release|ARM = Release|ARM
		Release|iPhone = Release|iPhone
		Release|iPhoneSimulator = Release|iPhoneSimulator
		Release|x64 = Release|x64
		Release|x86 = Release|x86
	EndGlobalSection
	GlobalSection(ProjectConfigurationPlatforms) = postSolution
		{41AE94D8-50AC-4126-998C-C462FA371659}.Ad-Hoc|Any CPU.ActiveCfg = Release|Any CPU
		{41AE94D8-50AC-4126-998C-C462FA371659}.Ad-Hoc|Any CPU.Build.0 = Release|Any CPU
		{41AE94D8-50AC-4126-998C-C462FA371659}.Ad-Hoc|Any CPU.Deploy.0 = Release|Any CPU
		{41AE94D8-50AC-4126-998C-C462FA371659}.Ad-Hoc|ARM.ActiveCfg = Release|Any CPU
		{41AE94D8-50AC-4126-998C-C462FA371659}.Ad-Hoc|ARM.Build.0 = Release|Any CPU
		{41AE94D8-50AC-4126-998C-C462FA371659}.Ad-Hoc|ARM.Deploy.0 = Release|Any CPU
		{41AE94D8-50AC-4126-998C-C462FA371659}.Ad-Hoc|iPhone.ActiveCfg = Release|Any CPU
		{41AE94D8-50AC-4126-998C-C462FA371659}.Ad-Hoc|iPhone.Build.0 = Release|Any CPU
		{41AE94D8-50AC-4126-998C-C462FA371659}.Ad-Hoc|iPhone.Deploy.0 = Release|Any CPU
		{41AE94D8-50AC-4126-998C-C462FA371659}.Ad-Hoc|iPhoneSimulator.ActiveCfg = Release|Any CPU
		{41AE94D8-50AC-4126-998C-C462FA371659}.Ad-Hoc|iPhoneSimulator.Build.0 = Release|Any CPU
		{41AE94D8-50AC-4126-998C-C462FA371659}.Ad-Hoc|iPhoneSimulator.Deploy.0 = Release|Any CPU
		{41AE94D8-50AC-4126-998C-C462FA371659}.Ad-Hoc|x64.ActiveCfg = Release|Any CPU
		{41AE94D8-50AC-4126-998C-C462FA371659}.Ad-Hoc|x64.Build.0 = Release|Any CPU
		{41AE94D8-50AC-4126-998C-C462FA371659}.Ad-Hoc|x64.Deploy.0 = Release|Any CPU
		{41AE94D8-50AC-4126-998C-C462FA371659}.Ad-Hoc|x86.ActiveCfg = Release|Any CPU
		{41AE94D8-50AC-4126-998C-C462FA371659}.Ad-Hoc|x86.Build.0 = Release|Any CPU
		{41AE94D8-50AC-4126-998C-C462FA371659}.Ad-Hoc|x86.Deploy.0 = Release|Any CPU
		{41AE94D8-50AC-4126-998C-C462FA371659}.AppStore|Any CPU.ActiveCfg = Release|Any CPU
		{41AE94D8-50AC-4126-998C-C462FA371659}.AppStore|Any CPU.Build.0 = Release|Any CPU
		{41AE94D8-50AC-4126-998C-C462FA371659}.AppStore|Any CPU.Deploy.0 = Release|Any CPU
		{41AE94D8-50AC-4126-998C-C462FA371659}.AppStore|ARM.ActiveCfg = Release|Any CPU
		{41AE94D8-50AC-4126-998C-C462FA371659}.AppStore|ARM.Build.0 = Release|Any CPU
		{41AE94D8-50AC-4126-998C-C462FA371659}.AppStore|ARM.Deploy.0 = Release|Any CPU
		{41AE94D8-50AC-4126-998C-C462FA371659}.AppStore|iPhone.ActiveCfg = Release|Any CPU
		{41AE94D8-50AC-4126-998C-C462FA371659}.AppStore|iPhone.Build.0 = Release|Any CPU
		{41AE94D8-50AC-4126-998C-C462FA371659}.AppStore|iPhone.Deploy.0 = Release|Any CPU
		{41AE94D8-50AC-4126-998C-C462FA371659}.AppStore|iPhoneSimulator.ActiveCfg = Release|Any CPU
		{41AE94D8-50AC-4126-998C-C462FA371659}.AppStore|iPhoneSimulator.Build.0 = Release|Any CPU
		{41AE94D8-50AC-4126-998C-C462FA371659}.AppStore|iPhoneSimulator.Deploy.0 = Release|Any CPU
		{41AE94D8-50AC-4126-998C-C462FA371659}.AppStore|x64.ActiveCfg = Release|Any CPU
		{41AE94D8-50AC-4126-998C-C462FA371659}.AppStore|x64.Build.0 = Release|Any CPU
		{41AE94D8-50AC-4126-998C-C462FA371659}.AppStore|x64.Deploy.0 = Release|Any CPU
		{41AE94D8-50AC-4126-998C-C462FA371659}.AppStore|x86.ActiveCfg = Release|Any CPU
		{41AE94D8-50AC-4126-998C-C462FA371659}.AppStore|x86.Build.0 = Release|Any CPU
		{41AE94D8-50AC-4126-998C-C462FA371659}.AppStore|x86.Deploy.0 = Release|Any CPU
		{41AE94D8-50AC-4126-998C-C462FA371659}.Debug|Any CPU.ActiveCfg = Debug|Any CPU
		{41AE94D8-50AC-4126-998C-C462FA371659}.Debug|Any CPU.Build.0 = Debug|Any CPU
		{41AE94D8-50AC-4126-998C-C462FA371659}.Debug|Any CPU.Deploy.0 = Debug|Any CPU
		{41AE94D8-50AC-4126-998C-C462FA371659}.Debug|ARM.ActiveCfg = Debug|Any CPU
		{41AE94D8-50AC-4126-998C-C462FA371659}.Debug|ARM.Build.0 = Debug|Any CPU
		{41AE94D8-50AC-4126-998C-C462FA371659}.Debug|ARM.Deploy.0 = Debug|Any CPU
		{41AE94D8-50AC-4126-998C-C462FA371659}.Debug|iPhone.ActiveCfg = Debug|Any CPU
		{41AE94D8-50AC-4126-998C-C462FA371659}.Debug|iPhone.Build.0 = Debug|Any CPU
		{41AE94D8-50AC-4126-998C-C462FA371659}.Debug|iPhone.Deploy.0 = Debug|Any CPU
		{41AE94D8-50AC-4126-998C-C462FA371659}.Debug|iPhoneSimulator.ActiveCfg = Debug|Any CPU
		{41AE94D8-50AC-4126-998C-C462FA371659}.Debug|iPhoneSimulator.Build.0 = Debug|Any CPU
		{41AE94D8-50AC-4126-998C-C462FA371659}.Debug|iPhoneSimulator.Deploy.0 = Debug|Any CPU
		{41AE94D8-50AC-4126-998C-C462FA371659}.Debug|x64.ActiveCfg = Debug|Any CPU
		{41AE94D8-50AC-4126-998C-C462FA371659}.Debug|x64.Build.0 = Debug|Any CPU
		{41AE94D8-50AC-4126-998C-C462FA371659}.Debug|x64.Deploy.0 = Debug|Any CPU
		{41AE94D8-50AC-4126-998C-C462FA371659}.Debug|x86.ActiveCfg = Debug|Any CPU
		{41AE94D8-50AC-4126-998C-C462FA371659}.Debug|x86.Build.0 = Debug|Any CPU
		{41AE94D8-50AC-4126-998C-C462FA371659}.Debug|x86.Deploy.0 = Debug|Any CPU
		{41AE94D8-50AC-4126-998C-C462FA371659}.Release|Any CPU.ActiveCfg = Release|Any CPU
		{41AE94D8-50AC-4126-998C-C462FA371659}.Release|Any CPU.Build.0 = Release|Any CPU
		{41AE94D8-50AC-4126-998C-C462FA371659}.Release|Any CPU.Deploy.0 = Release|Any CPU
		{41AE94D8-50AC-4126-998C-C462FA371659}.Release|ARM.ActiveCfg = Release|Any CPU
		{41AE94D8-50AC-4126-998C-C462FA371659}.Release|ARM.Build.0 = Release|Any CPU
		{41AE94D8-50AC-4126-998C-C462FA371659}.Release|ARM.Deploy.0 = Release|Any CPU
		{41AE94D8-50AC-4126-998C-C462FA371659}.Release|iPhone.ActiveCfg = Release|Any CPU
		{41AE94D8-50AC-4126-998C-C462FA371659}.Release|iPhone.Build.0 = Release|Any CPU
		{41AE94D8-50AC-4126-998C-C462FA371659}.Release|iPhone.Deploy.0 = Release|Any CPU
		{41AE94D8-50AC-4126-998C-C462FA371659}.Release|iPhoneSimulator.ActiveCfg = Release|Any CPU
		{41AE94D8-50AC-4126-998C-C462FA371659}.Release|iPhoneSimulator.Build.0 = Release|Any CPU
		{41AE94D8-50AC-4126-998C-C462FA371659}.Release|iPhoneSimulator.Deploy.0 = Release|Any CPU
		{41AE94D8-50AC-4126-998C-C462FA371659}.Release|x64.ActiveCfg = Release|Any CPU
		{41AE94D8-50AC-4126-998C-C462FA371659}.Release|x64.Build.0 = Release|Any CPU
		{41AE94D8-50AC-4126-998C-C462FA371659}.Release|x64.Deploy.0 = Release|Any CPU
		{41AE94D8-50AC-4126-998C-C462FA371659}.Release|x86.ActiveCfg = Release|Any CPU
		{41AE94D8-50AC-4126-998C-C462FA371659}.Release|x86.Build.0 = Release|Any CPU
		{41AE94D8-50AC-4126-998C-C462FA371659}.Release|x86.Deploy.0 = Release|Any CPU
		{E952C93A-C25B-4846-BF5B-AA88A88E7E87}.Ad-Hoc|Any CPU.ActiveCfg = Release|x86
		{E952C93A-C25B-4846-BF5B-AA88A88E7E87}.Ad-Hoc|Any CPU.Build.0 = Release|x86
		{E952C93A-C25B-4846-BF5B-AA88A88E7E87}.Ad-Hoc|Any CPU.Deploy.0 = Release|x86
		{E952C93A-C25B-4846-BF5B-AA88A88E7E87}.Ad-Hoc|ARM.ActiveCfg = Release|ARM
		{E952C93A-C25B-4846-BF5B-AA88A88E7E87}.Ad-Hoc|ARM.Build.0 = Release|ARM
		{E952C93A-C25B-4846-BF5B-AA88A88E7E87}.Ad-Hoc|ARM.Deploy.0 = Release|ARM
		{E952C93A-C25B-4846-BF5B-AA88A88E7E87}.Ad-Hoc|iPhone.ActiveCfg = Release|x86
		{E952C93A-C25B-4846-BF5B-AA88A88E7E87}.Ad-Hoc|iPhone.Build.0 = Release|x86
		{E952C93A-C25B-4846-BF5B-AA88A88E7E87}.Ad-Hoc|iPhone.Deploy.0 = Release|x86
		{E952C93A-C25B-4846-BF5B-AA88A88E7E87}.Ad-Hoc|iPhoneSimulator.ActiveCfg = Release|x86
		{E952C93A-C25B-4846-BF5B-AA88A88E7E87}.Ad-Hoc|iPhoneSimulator.Build.0 = Release|x86
		{E952C93A-C25B-4846-BF5B-AA88A88E7E87}.Ad-Hoc|iPhoneSimulator.Deploy.0 = Release|x86
		{E952C93A-C25B-4846-BF5B-AA88A88E7E87}.Ad-Hoc|x64.ActiveCfg = Release|x64
		{E952C93A-C25B-4846-BF5B-AA88A88E7E87}.Ad-Hoc|x64.Build.0 = Release|x64
		{E952C93A-C25B-4846-BF5B-AA88A88E7E87}.Ad-Hoc|x64.Deploy.0 = Release|x64
		{E952C93A-C25B-4846-BF5B-AA88A88E7E87}.Ad-Hoc|x86.ActiveCfg = Release|x86
		{E952C93A-C25B-4846-BF5B-AA88A88E7E87}.Ad-Hoc|x86.Build.0 = Release|x86
		{E952C93A-C25B-4846-BF5B-AA88A88E7E87}.Ad-Hoc|x86.Deploy.0 = Release|x86
		{E952C93A-C25B-4846-BF5B-AA88A88E7E87}.AppStore|Any CPU.ActiveCfg = Release|x86
		{E952C93A-C25B-4846-BF5B-AA88A88E7E87}.AppStore|Any CPU.Build.0 = Release|x86
		{E952C93A-C25B-4846-BF5B-AA88A88E7E87}.AppStore|Any CPU.Deploy.0 = Release|x86
		{E952C93A-C25B-4846-BF5B-AA88A88E7E87}.AppStore|ARM.ActiveCfg = Release|ARM
		{E952C93A-C25B-4846-BF5B-AA88A88E7E87}.AppStore|ARM.Build.0 = Release|ARM
		{E952C93A-C25B-4846-BF5B-AA88A88E7E87}.AppStore|ARM.Deploy.0 = Release|ARM
		{E952C93A-C25B-4846-BF5B-AA88A88E7E87}.AppStore|iPhone.ActiveCfg = Release|x86
		{E952C93A-C25B-4846-BF5B-AA88A88E7E87}.AppStore|iPhone.Build.0 = Release|x86
		{E952C93A-C25B-4846-BF5B-AA88A88E7E87}.AppStore|iPhone.Deploy.0 = Release|x86
		{E952C93A-C25B-4846-BF5B-AA88A88E7E87}.AppStore|iPhoneSimulator.ActiveCfg = Release|x86
		{E952C93A-C25B-4846-BF5B-AA88A88E7E87}.AppStore|iPhoneSimulator.Build.0 = Release|x86
		{E952C93A-C25B-4846-BF5B-AA88A88E7E87}.AppStore|iPhoneSimulator.Deploy.0 = Release|x86
		{E952C93A-C25B-4846-BF5B-AA88A88E7E87}.AppStore|x64.ActiveCfg = Release|x64
		{E952C93A-C25B-4846-BF5B-AA88A88E7E87}.AppStore|x64.Build.0 = Release|x64
		{E952C93A-C25B-4846-BF5B-AA88A88E7E87}.AppStore|x64.Deploy.0 = Release|x64
		{E952C93A-C25B-4846-BF5B-AA88A88E7E87}.AppStore|x86.ActiveCfg = Release|x86
		{E952C93A-C25B-4846-BF5B-AA88A88E7E87}.AppStore|x86.Build.0 = Release|x86
		{E952C93A-C25B-4846-BF5B-AA88A88E7E87}.AppStore|x86.Deploy.0 = Release|x86
		{E952C93A-C25B-4846-BF5B-AA88A88E7E87}.Debug|Any CPU.ActiveCfg = Debug|x86
		{E952C93A-C25B-4846-BF5B-AA88A88E7E87}.Debug|ARM.ActiveCfg = Debug|ARM
		{E952C93A-C25B-4846-BF5B-AA88A88E7E87}.Debug|ARM.Build.0 = Debug|ARM
		{E952C93A-C25B-4846-BF5B-AA88A88E7E87}.Debug|ARM.Deploy.0 = Debug|ARM
		{E952C93A-C25B-4846-BF5B-AA88A88E7E87}.Debug|iPhone.ActiveCfg = Debug|x86
		{E952C93A-C25B-4846-BF5B-AA88A88E7E87}.Debug|iPhoneSimulator.ActiveCfg = Debug|x86
		{E952C93A-C25B-4846-BF5B-AA88A88E7E87}.Debug|x64.ActiveCfg = Debug|x64
		{E952C93A-C25B-4846-BF5B-AA88A88E7E87}.Debug|x64.Build.0 = Debug|x64
		{E952C93A-C25B-4846-BF5B-AA88A88E7E87}.Debug|x64.Deploy.0 = Debug|x64
		{E952C93A-C25B-4846-BF5B-AA88A88E7E87}.Debug|x86.ActiveCfg = Debug|x86
		{E952C93A-C25B-4846-BF5B-AA88A88E7E87}.Debug|x86.Build.0 = Debug|x86
		{E952C93A-C25B-4846-BF5B-AA88A88E7E87}.Debug|x86.Deploy.0 = Debug|x86
		{E952C93A-C25B-4846-BF5B-AA88A88E7E87}.Release|Any CPU.ActiveCfg = Release|x86
		{E952C93A-C25B-4846-BF5B-AA88A88E7E87}.Release|ARM.ActiveCfg = Release|ARM
		{E952C93A-C25B-4846-BF5B-AA88A88E7E87}.Release|ARM.Build.0 = Release|ARM
		{E952C93A-C25B-4846-BF5B-AA88A88E7E87}.Release|ARM.Deploy.0 = Release|ARM
		{E952C93A-C25B-4846-BF5B-AA88A88E7E87}.Release|iPhone.ActiveCfg = Release|x86
		{E952C93A-C25B-4846-BF5B-AA88A88E7E87}.Release|iPhoneSimulator.ActiveCfg = Release|x86
		{E952C93A-C25B-4846-BF5B-AA88A88E7E87}.Release|x64.ActiveCfg = Release|x64
		{E952C93A-C25B-4846-BF5B-AA88A88E7E87}.Release|x64.Build.0 = Release|x64
		{E952C93A-C25B-4846-BF5B-AA88A88E7E87}.Release|x64.Deploy.0 = Release|x64
		{E952C93A-C25B-4846-BF5B-AA88A88E7E87}.Release|x86.ActiveCfg = Release|x86
		{E952C93A-C25B-4846-BF5B-AA88A88E7E87}.Release|x86.Build.0 = Release|x86
		{E952C93A-C25B-4846-BF5B-AA88A88E7E87}.Release|x86.Deploy.0 = Release|x86
		{C259A50D-5259-47F7-81F6-224ABB8D4644}.Ad-Hoc|Any CPU.ActiveCfg = Ad-Hoc|iPhone
		{C259A50D-5259-47F7-81F6-224ABB8D4644}.Ad-Hoc|ARM.ActiveCfg = Ad-Hoc|iPhone
		{C259A50D-5259-47F7-81F6-224ABB8D4644}.Ad-Hoc|iPhone.ActiveCfg = Ad-Hoc|iPhone
		{C259A50D-5259-47F7-81F6-224ABB8D4644}.Ad-Hoc|iPhone.Build.0 = Ad-Hoc|iPhone
		{C259A50D-5259-47F7-81F6-224ABB8D4644}.Ad-Hoc|iPhoneSimulator.ActiveCfg = Ad-Hoc|iPhoneSimulator
		{C259A50D-5259-47F7-81F6-224ABB8D4644}.Ad-Hoc|iPhoneSimulator.Build.0 = Ad-Hoc|iPhoneSimulator
		{C259A50D-5259-47F7-81F6-224ABB8D4644}.Ad-Hoc|x64.ActiveCfg = Ad-Hoc|iPhone
		{C259A50D-5259-47F7-81F6-224ABB8D4644}.Ad-Hoc|x86.ActiveCfg = Ad-Hoc|iPhone
		{C259A50D-5259-47F7-81F6-224ABB8D4644}.AppStore|Any CPU.ActiveCfg = AppStore|iPhone
		{C259A50D-5259-47F7-81F6-224ABB8D4644}.AppStore|ARM.ActiveCfg = AppStore|iPhone
		{C259A50D-5259-47F7-81F6-224ABB8D4644}.AppStore|iPhone.ActiveCfg = AppStore|iPhone
		{C259A50D-5259-47F7-81F6-224ABB8D4644}.AppStore|iPhone.Build.0 = AppStore|iPhone
		{C259A50D-5259-47F7-81F6-224ABB8D4644}.AppStore|iPhoneSimulator.ActiveCfg = AppStore|iPhoneSimulator
		{C259A50D-5259-47F7-81F6-224ABB8D4644}.AppStore|iPhoneSimulator.Build.0 = AppStore|iPhoneSimulator
		{C259A50D-5259-47F7-81F6-224ABB8D4644}.AppStore|x64.ActiveCfg = AppStore|iPhone
		{C259A50D-5259-47F7-81F6-224ABB8D4644}.AppStore|x86.ActiveCfg = AppStore|iPhone
		{C259A50D-5259-47F7-81F6-224ABB8D4644}.Debug|Any CPU.ActiveCfg = Debug|iPhone
		{C259A50D-5259-47F7-81F6-224ABB8D4644}.Debug|ARM.ActiveCfg = Debug|iPhone
		{C259A50D-5259-47F7-81F6-224ABB8D4644}.Debug|iPhone.ActiveCfg = Debug|iPhone
		{C259A50D-5259-47F7-81F6-224ABB8D4644}.Debug|iPhone.Build.0 = Debug|iPhone
		{C259A50D-5259-47F7-81F6-224ABB8D4644}.Debug|iPhoneSimulator.ActiveCfg = Debug|iPhoneSimulator
		{C259A50D-5259-47F7-81F6-224ABB8D4644}.Debug|iPhoneSimulator.Build.0 = Debug|iPhoneSimulator
		{C259A50D-5259-47F7-81F6-224ABB8D4644}.Debug|x64.ActiveCfg = Debug|iPhone
		{C259A50D-5259-47F7-81F6-224ABB8D4644}.Debug|x86.ActiveCfg = Debug|iPhone
		{C259A50D-5259-47F7-81F6-224ABB8D4644}.Release|Any CPU.ActiveCfg = Release|iPhone
		{C259A50D-5259-47F7-81F6-224ABB8D4644}.Release|ARM.ActiveCfg = Release|iPhone
		{C259A50D-5259-47F7-81F6-224ABB8D4644}.Release|iPhone.ActiveCfg = Release|iPhone
		{C259A50D-5259-47F7-81F6-224ABB8D4644}.Release|iPhone.Build.0 = Release|iPhone
		{C259A50D-5259-47F7-81F6-224ABB8D4644}.Release|iPhoneSimulator.ActiveCfg = Release|iPhoneSimulator
		{C259A50D-5259-47F7-81F6-224ABB8D4644}.Release|iPhoneSimulator.Build.0 = Release|iPhoneSimulator
		{C259A50D-5259-47F7-81F6-224ABB8D4644}.Release|x64.ActiveCfg = Release|iPhone
		{C259A50D-5259-47F7-81F6-224ABB8D4644}.Release|x86.ActiveCfg = Release|iPhone
		{F0D01960-6069-4D05-B418-68474325F107}.Ad-Hoc|Any CPU.ActiveCfg = Debug|Any CPU
		{F0D01960-6069-4D05-B418-68474325F107}.Ad-Hoc|Any CPU.Build.0 = Debug|Any CPU
		{F0D01960-6069-4D05-B418-68474325F107}.Ad-Hoc|ARM.ActiveCfg = Debug|Any CPU
		{F0D01960-6069-4D05-B418-68474325F107}.Ad-Hoc|ARM.Build.0 = Debug|Any CPU
		{F0D01960-6069-4D05-B418-68474325F107}.Ad-Hoc|iPhone.ActiveCfg = Debug|Any CPU
		{F0D01960-6069-4D05-B418-68474325F107}.Ad-Hoc|iPhone.Build.0 = Debug|Any CPU
		{F0D01960-6069-4D05-B418-68474325F107}.Ad-Hoc|iPhoneSimulator.ActiveCfg = Debug|Any CPU
		{F0D01960-6069-4D05-B418-68474325F107}.Ad-Hoc|iPhoneSimulator.Build.0 = Debug|Any CPU
		{F0D01960-6069-4D05-B418-68474325F107}.Ad-Hoc|x64.ActiveCfg = Debug|Any CPU
		{F0D01960-6069-4D05-B418-68474325F107}.Ad-Hoc|x64.Build.0 = Debug|Any CPU
		{F0D01960-6069-4D05-B418-68474325F107}.Ad-Hoc|x86.ActiveCfg = Debug|Any CPU
		{F0D01960-6069-4D05-B418-68474325F107}.Ad-Hoc|x86.Build.0 = Debug|Any CPU
		{F0D01960-6069-4D05-B418-68474325F107}.AppStore|Any CPU.ActiveCfg = Debug|Any CPU
		{F0D01960-6069-4D05-B418-68474325F107}.AppStore|Any CPU.Build.0 = Debug|Any CPU
		{F0D01960-6069-4D05-B418-68474325F107}.AppStore|ARM.ActiveCfg = Debug|Any CPU
		{F0D01960-6069-4D05-B418-68474325F107}.AppStore|ARM.Build.0 = Debug|Any CPU
		{F0D01960-6069-4D05-B418-68474325F107}.AppStore|iPhone.ActiveCfg = Debug|Any CPU
		{F0D01960-6069-4D05-B418-68474325F107}.AppStore|iPhone.Build.0 = Debug|Any CPU
		{F0D01960-6069-4D05-B418-68474325F107}.AppStore|iPhoneSimulator.ActiveCfg = Debug|Any CPU
		{F0D01960-6069-4D05-B418-68474325F107}.AppStore|iPhoneSimulator.Build.0 = Debug|Any CPU
		{F0D01960-6069-4D05-B418-68474325F107}.AppStore|x64.ActiveCfg = Debug|Any CPU
		{F0D01960-6069-4D05-B418-68474325F107}.AppStore|x64.Build.0 = Debug|Any CPU
		{F0D01960-6069-4D05-B418-68474325F107}.AppStore|x86.ActiveCfg = Debug|Any CPU
		{F0D01960-6069-4D05-B418-68474325F107}.AppStore|x86.Build.0 = Debug|Any CPU
		{F0D01960-6069-4D05-B418-68474325F107}.Debug|Any CPU.ActiveCfg = Debug|Any CPU
		{F0D01960-6069-4D05-B418-68474325F107}.Debug|Any CPU.Build.0 = Debug|Any CPU
		{F0D01960-6069-4D05-B418-68474325F107}.Debug|ARM.ActiveCfg = Debug|Any CPU
		{F0D01960-6069-4D05-B418-68474325F107}.Debug|ARM.Build.0 = Debug|Any CPU
		{F0D01960-6069-4D05-B418-68474325F107}.Debug|iPhone.ActiveCfg = Debug|Any CPU
		{F0D01960-6069-4D05-B418-68474325F107}.Debug|iPhone.Build.0 = Debug|Any CPU
		{F0D01960-6069-4D05-B418-68474325F107}.Debug|iPhoneSimulator.ActiveCfg = Debug|Any CPU
		{F0D01960-6069-4D05-B418-68474325F107}.Debug|iPhoneSimulator.Build.0 = Debug|Any CPU
		{F0D01960-6069-4D05-B418-68474325F107}.Debug|x64.ActiveCfg = Debug|Any CPU
		{F0D01960-6069-4D05-B418-68474325F107}.Debug|x64.Build.0 = Debug|Any CPU
		{F0D01960-6069-4D05-B418-68474325F107}.Debug|x86.ActiveCfg = Debug|Any CPU
		{F0D01960-6069-4D05-B418-68474325F107}.Debug|x86.Build.0 = Debug|Any CPU
		{F0D01960-6069-4D05-B418-68474325F107}.Release|Any CPU.ActiveCfg = Release|Any CPU
		{F0D01960-6069-4D05-B418-68474325F107}.Release|Any CPU.Build.0 = Release|Any CPU
		{F0D01960-6069-4D05-B418-68474325F107}.Release|ARM.ActiveCfg = Release|Any CPU
		{F0D01960-6069-4D05-B418-68474325F107}.Release|ARM.Build.0 = Release|Any CPU
		{F0D01960-6069-4D05-B418-68474325F107}.Release|iPhone.ActiveCfg = Release|Any CPU
		{F0D01960-6069-4D05-B418-68474325F107}.Release|iPhone.Build.0 = Release|Any CPU
		{F0D01960-6069-4D05-B418-68474325F107}.Release|iPhoneSimulator.ActiveCfg = Release|Any CPU
		{F0D01960-6069-4D05-B418-68474325F107}.Release|iPhoneSimulator.Build.0 = Release|Any CPU
		{F0D01960-6069-4D05-B418-68474325F107}.Release|x64.ActiveCfg = Release|Any CPU
		{F0D01960-6069-4D05-B418-68474325F107}.Release|x64.Build.0 = Release|Any CPU
		{F0D01960-6069-4D05-B418-68474325F107}.Release|x86.ActiveCfg = Release|Any CPU
		{F0D01960-6069-4D05-B418-68474325F107}.Release|x86.Build.0 = Release|Any CPU
		{1E06BAD3-7C8A-4086-BBE5-EDDFF2CAC9A6}.Ad-Hoc|Any CPU.ActiveCfg = Debug|Any CPU
		{1E06BAD3-7C8A-4086-BBE5-EDDFF2CAC9A6}.Ad-Hoc|Any CPU.Build.0 = Debug|Any CPU
		{1E06BAD3-7C8A-4086-BBE5-EDDFF2CAC9A6}.Ad-Hoc|ARM.ActiveCfg = Debug|Any CPU
		{1E06BAD3-7C8A-4086-BBE5-EDDFF2CAC9A6}.Ad-Hoc|ARM.Build.0 = Debug|Any CPU
		{1E06BAD3-7C8A-4086-BBE5-EDDFF2CAC9A6}.Ad-Hoc|iPhone.ActiveCfg = Debug|Any CPU
		{1E06BAD3-7C8A-4086-BBE5-EDDFF2CAC9A6}.Ad-Hoc|iPhone.Build.0 = Debug|Any CPU
		{1E06BAD3-7C8A-4086-BBE5-EDDFF2CAC9A6}.Ad-Hoc|iPhoneSimulator.ActiveCfg = Debug|Any CPU
		{1E06BAD3-7C8A-4086-BBE5-EDDFF2CAC9A6}.Ad-Hoc|iPhoneSimulator.Build.0 = Debug|Any CPU
		{1E06BAD3-7C8A-4086-BBE5-EDDFF2CAC9A6}.Ad-Hoc|x64.ActiveCfg = Debug|Any CPU
		{1E06BAD3-7C8A-4086-BBE5-EDDFF2CAC9A6}.Ad-Hoc|x64.Build.0 = Debug|Any CPU
		{1E06BAD3-7C8A-4086-BBE5-EDDFF2CAC9A6}.Ad-Hoc|x86.ActiveCfg = Debug|Any CPU
		{1E06BAD3-7C8A-4086-BBE5-EDDFF2CAC9A6}.Ad-Hoc|x86.Build.0 = Debug|Any CPU
		{1E06BAD3-7C8A-4086-BBE5-EDDFF2CAC9A6}.AppStore|Any CPU.ActiveCfg = Debug|Any CPU
		{1E06BAD3-7C8A-4086-BBE5-EDDFF2CAC9A6}.AppStore|Any CPU.Build.0 = Debug|Any CPU
		{1E06BAD3-7C8A-4086-BBE5-EDDFF2CAC9A6}.AppStore|ARM.ActiveCfg = Debug|Any CPU
		{1E06BAD3-7C8A-4086-BBE5-EDDFF2CAC9A6}.AppStore|ARM.Build.0 = Debug|Any CPU
		{1E06BAD3-7C8A-4086-BBE5-EDDFF2CAC9A6}.AppStore|iPhone.ActiveCfg = Debug|Any CPU
		{1E06BAD3-7C8A-4086-BBE5-EDDFF2CAC9A6}.AppStore|iPhone.Build.0 = Debug|Any CPU
		{1E06BAD3-7C8A-4086-BBE5-EDDFF2CAC9A6}.AppStore|iPhoneSimulator.ActiveCfg = Debug|Any CPU
		{1E06BAD3-7C8A-4086-BBE5-EDDFF2CAC9A6}.AppStore|iPhoneSimulator.Build.0 = Debug|Any CPU
		{1E06BAD3-7C8A-4086-BBE5-EDDFF2CAC9A6}.AppStore|x64.ActiveCfg = Debug|Any CPU
		{1E06BAD3-7C8A-4086-BBE5-EDDFF2CAC9A6}.AppStore|x64.Build.0 = Debug|Any CPU
		{1E06BAD3-7C8A-4086-BBE5-EDDFF2CAC9A6}.AppStore|x86.ActiveCfg = Debug|Any CPU
		{1E06BAD3-7C8A-4086-BBE5-EDDFF2CAC9A6}.AppStore|x86.Build.0 = Debug|Any CPU
		{1E06BAD3-7C8A-4086-BBE5-EDDFF2CAC9A6}.Debug|Any CPU.ActiveCfg = Debug|Any CPU
		{1E06BAD3-7C8A-4086-BBE5-EDDFF2CAC9A6}.Debug|Any CPU.Build.0 = Debug|Any CPU
		{1E06BAD3-7C8A-4086-BBE5-EDDFF2CAC9A6}.Debug|ARM.ActiveCfg = Debug|Any CPU
		{1E06BAD3-7C8A-4086-BBE5-EDDFF2CAC9A6}.Debug|ARM.Build.0 = Debug|Any CPU
		{1E06BAD3-7C8A-4086-BBE5-EDDFF2CAC9A6}.Debug|iPhone.ActiveCfg = Debug|Any CPU
		{1E06BAD3-7C8A-4086-BBE5-EDDFF2CAC9A6}.Debug|iPhone.Build.0 = Debug|Any CPU
		{1E06BAD3-7C8A-4086-BBE5-EDDFF2CAC9A6}.Debug|iPhoneSimulator.ActiveCfg = Debug|Any CPU
		{1E06BAD3-7C8A-4086-BBE5-EDDFF2CAC9A6}.Debug|iPhoneSimulator.Build.0 = Debug|Any CPU
		{1E06BAD3-7C8A-4086-BBE5-EDDFF2CAC9A6}.Debug|x64.ActiveCfg = Debug|Any CPU
		{1E06BAD3-7C8A-4086-BBE5-EDDFF2CAC9A6}.Debug|x64.Build.0 = Debug|Any CPU
		{1E06BAD3-7C8A-4086-BBE5-EDDFF2CAC9A6}.Debug|x86.ActiveCfg = Debug|Any CPU
		{1E06BAD3-7C8A-4086-BBE5-EDDFF2CAC9A6}.Debug|x86.Build.0 = Debug|Any CPU
		{1E06BAD3-7C8A-4086-BBE5-EDDFF2CAC9A6}.Release|Any CPU.ActiveCfg = Release|Any CPU
		{1E06BAD3-7C8A-4086-BBE5-EDDFF2CAC9A6}.Release|Any CPU.Build.0 = Release|Any CPU
		{1E06BAD3-7C8A-4086-BBE5-EDDFF2CAC9A6}.Release|ARM.ActiveCfg = Release|Any CPU
		{1E06BAD3-7C8A-4086-BBE5-EDDFF2CAC9A6}.Release|ARM.Build.0 = Release|Any CPU
		{1E06BAD3-7C8A-4086-BBE5-EDDFF2CAC9A6}.Release|iPhone.ActiveCfg = Release|Any CPU
		{1E06BAD3-7C8A-4086-BBE5-EDDFF2CAC9A6}.Release|iPhone.Build.0 = Release|Any CPU
		{1E06BAD3-7C8A-4086-BBE5-EDDFF2CAC9A6}.Release|iPhoneSimulator.ActiveCfg = Release|Any CPU
		{1E06BAD3-7C8A-4086-BBE5-EDDFF2CAC9A6}.Release|iPhoneSimulator.Build.0 = Release|Any CPU
		{1E06BAD3-7C8A-4086-BBE5-EDDFF2CAC9A6}.Release|x64.ActiveCfg = Release|Any CPU
		{1E06BAD3-7C8A-4086-BBE5-EDDFF2CAC9A6}.Release|x64.Build.0 = Release|Any CPU
		{1E06BAD3-7C8A-4086-BBE5-EDDFF2CAC9A6}.Release|x86.ActiveCfg = Release|Any CPU
		{1E06BAD3-7C8A-4086-BBE5-EDDFF2CAC9A6}.Release|x86.Build.0 = Release|Any CPU
		{91F098B5-A8DE-4930-B9FB-1E90B2E7186A}.Ad-Hoc|Any CPU.ActiveCfg = Release|Any CPU
		{91F098B5-A8DE-4930-B9FB-1E90B2E7186A}.Ad-Hoc|Any CPU.Build.0 = Release|Any CPU
		{91F098B5-A8DE-4930-B9FB-1E90B2E7186A}.Ad-Hoc|ARM.ActiveCfg = Release|Any CPU
		{91F098B5-A8DE-4930-B9FB-1E90B2E7186A}.Ad-Hoc|ARM.Build.0 = Release|Any CPU
		{91F098B5-A8DE-4930-B9FB-1E90B2E7186A}.Ad-Hoc|iPhone.ActiveCfg = Release|Any CPU
		{91F098B5-A8DE-4930-B9FB-1E90B2E7186A}.Ad-Hoc|iPhone.Build.0 = Release|Any CPU
		{91F098B5-A8DE-4930-B9FB-1E90B2E7186A}.Ad-Hoc|iPhoneSimulator.ActiveCfg = Release|Any CPU
		{91F098B5-A8DE-4930-B9FB-1E90B2E7186A}.Ad-Hoc|iPhoneSimulator.Build.0 = Release|Any CPU
		{91F098B5-A8DE-4930-B9FB-1E90B2E7186A}.Ad-Hoc|x64.ActiveCfg = Release|Any CPU
		{91F098B5-A8DE-4930-B9FB-1E90B2E7186A}.Ad-Hoc|x64.Build.0 = Release|Any CPU
		{91F098B5-A8DE-4930-B9FB-1E90B2E7186A}.Ad-Hoc|x86.ActiveCfg = Release|Any CPU
		{91F098B5-A8DE-4930-B9FB-1E90B2E7186A}.Ad-Hoc|x86.Build.0 = Release|Any CPU
		{91F098B5-A8DE-4930-B9FB-1E90B2E7186A}.AppStore|Any CPU.ActiveCfg = Release|Any CPU
		{91F098B5-A8DE-4930-B9FB-1E90B2E7186A}.AppStore|Any CPU.Build.0 = Release|Any CPU
		{91F098B5-A8DE-4930-B9FB-1E90B2E7186A}.AppStore|ARM.ActiveCfg = Release|Any CPU
		{91F098B5-A8DE-4930-B9FB-1E90B2E7186A}.AppStore|ARM.Build.0 = Release|Any CPU
		{91F098B5-A8DE-4930-B9FB-1E90B2E7186A}.AppStore|iPhone.ActiveCfg = Release|Any CPU
		{91F098B5-A8DE-4930-B9FB-1E90B2E7186A}.AppStore|iPhone.Build.0 = Release|Any CPU
		{91F098B5-A8DE-4930-B9FB-1E90B2E7186A}.AppStore|iPhoneSimulator.ActiveCfg = Release|Any CPU
		{91F098B5-A8DE-4930-B9FB-1E90B2E7186A}.AppStore|iPhoneSimulator.Build.0 = Release|Any CPU
		{91F098B5-A8DE-4930-B9FB-1E90B2E7186A}.AppStore|x64.ActiveCfg = Release|Any CPU
		{91F098B5-A8DE-4930-B9FB-1E90B2E7186A}.AppStore|x64.Build.0 = Release|Any CPU
		{91F098B5-A8DE-4930-B9FB-1E90B2E7186A}.AppStore|x86.ActiveCfg = Release|Any CPU
		{91F098B5-A8DE-4930-B9FB-1E90B2E7186A}.AppStore|x86.Build.0 = Release|Any CPU
		{91F098B5-A8DE-4930-B9FB-1E90B2E7186A}.Debug|Any CPU.ActiveCfg = Debug|Any CPU
		{91F098B5-A8DE-4930-B9FB-1E90B2E7186A}.Debug|Any CPU.Build.0 = Debug|Any CPU
		{91F098B5-A8DE-4930-B9FB-1E90B2E7186A}.Debug|ARM.ActiveCfg = Debug|Any CPU
		{91F098B5-A8DE-4930-B9FB-1E90B2E7186A}.Debug|ARM.Build.0 = Debug|Any CPU
		{91F098B5-A8DE-4930-B9FB-1E90B2E7186A}.Debug|iPhone.ActiveCfg = Debug|Any CPU
		{91F098B5-A8DE-4930-B9FB-1E90B2E7186A}.Debug|iPhone.Build.0 = Debug|Any CPU
		{91F098B5-A8DE-4930-B9FB-1E90B2E7186A}.Debug|iPhoneSimulator.ActiveCfg = Debug|Any CPU
		{91F098B5-A8DE-4930-B9FB-1E90B2E7186A}.Debug|iPhoneSimulator.Build.0 = Debug|Any CPU
		{91F098B5-A8DE-4930-B9FB-1E90B2E7186A}.Debug|x64.ActiveCfg = Debug|Any CPU
		{91F098B5-A8DE-4930-B9FB-1E90B2E7186A}.Debug|x64.Build.0 = Debug|Any CPU
		{91F098B5-A8DE-4930-B9FB-1E90B2E7186A}.Debug|x86.ActiveCfg = Debug|Any CPU
		{91F098B5-A8DE-4930-B9FB-1E90B2E7186A}.Debug|x86.Build.0 = Debug|Any CPU
		{91F098B5-A8DE-4930-B9FB-1E90B2E7186A}.Release|Any CPU.ActiveCfg = Release|Any CPU
		{91F098B5-A8DE-4930-B9FB-1E90B2E7186A}.Release|Any CPU.Build.0 = Release|Any CPU
		{91F098B5-A8DE-4930-B9FB-1E90B2E7186A}.Release|ARM.ActiveCfg = Release|Any CPU
		{91F098B5-A8DE-4930-B9FB-1E90B2E7186A}.Release|ARM.Build.0 = Release|Any CPU
		{91F098B5-A8DE-4930-B9FB-1E90B2E7186A}.Release|iPhone.ActiveCfg = Release|Any CPU
		{91F098B5-A8DE-4930-B9FB-1E90B2E7186A}.Release|iPhone.Build.0 = Release|Any CPU
		{91F098B5-A8DE-4930-B9FB-1E90B2E7186A}.Release|iPhoneSimulator.ActiveCfg = Release|Any CPU
		{91F098B5-A8DE-4930-B9FB-1E90B2E7186A}.Release|iPhoneSimulator.Build.0 = Release|Any CPU
		{91F098B5-A8DE-4930-B9FB-1E90B2E7186A}.Release|x64.ActiveCfg = Release|Any CPU
		{91F098B5-A8DE-4930-B9FB-1E90B2E7186A}.Release|x64.Build.0 = Release|Any CPU
		{91F098B5-A8DE-4930-B9FB-1E90B2E7186A}.Release|x86.ActiveCfg = Release|Any CPU
		{91F098B5-A8DE-4930-B9FB-1E90B2E7186A}.Release|x86.Build.0 = Release|Any CPU
		{E333B316-0FD9-4BC8-A8D3-47EE7CCD4BB6}.Ad-Hoc|Any CPU.ActiveCfg = Release|Any CPU
		{E333B316-0FD9-4BC8-A8D3-47EE7CCD4BB6}.Ad-Hoc|Any CPU.Build.0 = Release|Any CPU
		{E333B316-0FD9-4BC8-A8D3-47EE7CCD4BB6}.Ad-Hoc|ARM.ActiveCfg = Release|Any CPU
		{E333B316-0FD9-4BC8-A8D3-47EE7CCD4BB6}.Ad-Hoc|ARM.Build.0 = Release|Any CPU
		{E333B316-0FD9-4BC8-A8D3-47EE7CCD4BB6}.Ad-Hoc|iPhone.ActiveCfg = Release|Any CPU
		{E333B316-0FD9-4BC8-A8D3-47EE7CCD4BB6}.Ad-Hoc|iPhone.Build.0 = Release|Any CPU
		{E333B316-0FD9-4BC8-A8D3-47EE7CCD4BB6}.Ad-Hoc|iPhoneSimulator.ActiveCfg = Release|Any CPU
		{E333B316-0FD9-4BC8-A8D3-47EE7CCD4BB6}.Ad-Hoc|iPhoneSimulator.Build.0 = Release|Any CPU
		{E333B316-0FD9-4BC8-A8D3-47EE7CCD4BB6}.Ad-Hoc|x64.ActiveCfg = Release|Any CPU
		{E333B316-0FD9-4BC8-A8D3-47EE7CCD4BB6}.Ad-Hoc|x64.Build.0 = Release|Any CPU
		{E333B316-0FD9-4BC8-A8D3-47EE7CCD4BB6}.Ad-Hoc|x86.ActiveCfg = Release|Any CPU
		{E333B316-0FD9-4BC8-A8D3-47EE7CCD4BB6}.Ad-Hoc|x86.Build.0 = Release|Any CPU
		{E333B316-0FD9-4BC8-A8D3-47EE7CCD4BB6}.AppStore|Any CPU.ActiveCfg = Release|Any CPU
		{E333B316-0FD9-4BC8-A8D3-47EE7CCD4BB6}.AppStore|Any CPU.Build.0 = Release|Any CPU
		{E333B316-0FD9-4BC8-A8D3-47EE7CCD4BB6}.AppStore|ARM.ActiveCfg = Release|Any CPU
		{E333B316-0FD9-4BC8-A8D3-47EE7CCD4BB6}.AppStore|ARM.Build.0 = Release|Any CPU
		{E333B316-0FD9-4BC8-A8D3-47EE7CCD4BB6}.AppStore|iPhone.ActiveCfg = Release|Any CPU
		{E333B316-0FD9-4BC8-A8D3-47EE7CCD4BB6}.AppStore|iPhone.Build.0 = Release|Any CPU
		{E333B316-0FD9-4BC8-A8D3-47EE7CCD4BB6}.AppStore|iPhoneSimulator.ActiveCfg = Release|Any CPU
		{E333B316-0FD9-4BC8-A8D3-47EE7CCD4BB6}.AppStore|iPhoneSimulator.Build.0 = Release|Any CPU
		{E333B316-0FD9-4BC8-A8D3-47EE7CCD4BB6}.AppStore|x64.ActiveCfg = Release|Any CPU
		{E333B316-0FD9-4BC8-A8D3-47EE7CCD4BB6}.AppStore|x64.Build.0 = Release|Any CPU
		{E333B316-0FD9-4BC8-A8D3-47EE7CCD4BB6}.AppStore|x86.ActiveCfg = Release|Any CPU
		{E333B316-0FD9-4BC8-A8D3-47EE7CCD4BB6}.AppStore|x86.Build.0 = Release|Any CPU
		{E333B316-0FD9-4BC8-A8D3-47EE7CCD4BB6}.Debug|Any CPU.ActiveCfg = Debug|Any CPU
		{E333B316-0FD9-4BC8-A8D3-47EE7CCD4BB6}.Debug|Any CPU.Build.0 = Debug|Any CPU
		{E333B316-0FD9-4BC8-A8D3-47EE7CCD4BB6}.Debug|ARM.ActiveCfg = Debug|Any CPU
		{E333B316-0FD9-4BC8-A8D3-47EE7CCD4BB6}.Debug|ARM.Build.0 = Debug|Any CPU
		{E333B316-0FD9-4BC8-A8D3-47EE7CCD4BB6}.Debug|iPhone.ActiveCfg = Debug|Any CPU
		{E333B316-0FD9-4BC8-A8D3-47EE7CCD4BB6}.Debug|iPhone.Build.0 = Debug|Any CPU
		{E333B316-0FD9-4BC8-A8D3-47EE7CCD4BB6}.Debug|iPhoneSimulator.ActiveCfg = Debug|Any CPU
		{E333B316-0FD9-4BC8-A8D3-47EE7CCD4BB6}.Debug|iPhoneSimulator.Build.0 = Debug|Any CPU
		{E333B316-0FD9-4BC8-A8D3-47EE7CCD4BB6}.Debug|x64.ActiveCfg = Debug|Any CPU
		{E333B316-0FD9-4BC8-A8D3-47EE7CCD4BB6}.Debug|x64.Build.0 = Debug|Any CPU
		{E333B316-0FD9-4BC8-A8D3-47EE7CCD4BB6}.Debug|x86.ActiveCfg = Debug|Any CPU
		{E333B316-0FD9-4BC8-A8D3-47EE7CCD4BB6}.Debug|x86.Build.0 = Debug|Any CPU
		{E333B316-0FD9-4BC8-A8D3-47EE7CCD4BB6}.Release|Any CPU.ActiveCfg = Release|Any CPU
		{E333B316-0FD9-4BC8-A8D3-47EE7CCD4BB6}.Release|Any CPU.Build.0 = Release|Any CPU
		{E333B316-0FD9-4BC8-A8D3-47EE7CCD4BB6}.Release|ARM.ActiveCfg = Release|Any CPU
		{E333B316-0FD9-4BC8-A8D3-47EE7CCD4BB6}.Release|ARM.Build.0 = Release|Any CPU
		{E333B316-0FD9-4BC8-A8D3-47EE7CCD4BB6}.Release|iPhone.ActiveCfg = Release|Any CPU
		{E333B316-0FD9-4BC8-A8D3-47EE7CCD4BB6}.Release|iPhone.Build.0 = Release|Any CPU
		{E333B316-0FD9-4BC8-A8D3-47EE7CCD4BB6}.Release|iPhoneSimulator.ActiveCfg = Release|Any CPU
		{E333B316-0FD9-4BC8-A8D3-47EE7CCD4BB6}.Release|iPhoneSimulator.Build.0 = Release|Any CPU
		{E333B316-0FD9-4BC8-A8D3-47EE7CCD4BB6}.Release|x64.ActiveCfg = Release|Any CPU
		{E333B316-0FD9-4BC8-A8D3-47EE7CCD4BB6}.Release|x64.Build.0 = Release|Any CPU
		{E333B316-0FD9-4BC8-A8D3-47EE7CCD4BB6}.Release|x86.ActiveCfg = Release|Any CPU
		{E333B316-0FD9-4BC8-A8D3-47EE7CCD4BB6}.Release|x86.Build.0 = Release|Any CPU
		{1036EF47-AA0A-4650-817C-7F7A3DA4BF12}.Ad-Hoc|Any CPU.ActiveCfg = Release|Any CPU
		{1036EF47-AA0A-4650-817C-7F7A3DA4BF12}.Ad-Hoc|Any CPU.Build.0 = Release|Any CPU
		{1036EF47-AA0A-4650-817C-7F7A3DA4BF12}.Ad-Hoc|ARM.ActiveCfg = Release|ARM
		{1036EF47-AA0A-4650-817C-7F7A3DA4BF12}.Ad-Hoc|ARM.Build.0 = Release|ARM
		{1036EF47-AA0A-4650-817C-7F7A3DA4BF12}.Ad-Hoc|iPhone.ActiveCfg = Release|Any CPU
		{1036EF47-AA0A-4650-817C-7F7A3DA4BF12}.Ad-Hoc|iPhone.Build.0 = Release|Any CPU
		{1036EF47-AA0A-4650-817C-7F7A3DA4BF12}.Ad-Hoc|iPhoneSimulator.ActiveCfg = Release|Any CPU
		{1036EF47-AA0A-4650-817C-7F7A3DA4BF12}.Ad-Hoc|iPhoneSimulator.Build.0 = Release|Any CPU
		{1036EF47-AA0A-4650-817C-7F7A3DA4BF12}.Ad-Hoc|x64.ActiveCfg = Release|x64
		{1036EF47-AA0A-4650-817C-7F7A3DA4BF12}.Ad-Hoc|x64.Build.0 = Release|x64
		{1036EF47-AA0A-4650-817C-7F7A3DA4BF12}.Ad-Hoc|x86.ActiveCfg = Release|x86
		{1036EF47-AA0A-4650-817C-7F7A3DA4BF12}.Ad-Hoc|x86.Build.0 = Release|x86
		{1036EF47-AA0A-4650-817C-7F7A3DA4BF12}.AppStore|Any CPU.ActiveCfg = Release|Any CPU
		{1036EF47-AA0A-4650-817C-7F7A3DA4BF12}.AppStore|Any CPU.Build.0 = Release|Any CPU
		{1036EF47-AA0A-4650-817C-7F7A3DA4BF12}.AppStore|ARM.ActiveCfg = Release|ARM
		{1036EF47-AA0A-4650-817C-7F7A3DA4BF12}.AppStore|ARM.Build.0 = Release|ARM
		{1036EF47-AA0A-4650-817C-7F7A3DA4BF12}.AppStore|iPhone.ActiveCfg = Release|Any CPU
		{1036EF47-AA0A-4650-817C-7F7A3DA4BF12}.AppStore|iPhone.Build.0 = Release|Any CPU
		{1036EF47-AA0A-4650-817C-7F7A3DA4BF12}.AppStore|iPhoneSimulator.ActiveCfg = Release|Any CPU
		{1036EF47-AA0A-4650-817C-7F7A3DA4BF12}.AppStore|iPhoneSimulator.Build.0 = Release|Any CPU
		{1036EF47-AA0A-4650-817C-7F7A3DA4BF12}.AppStore|x64.ActiveCfg = Release|x64
		{1036EF47-AA0A-4650-817C-7F7A3DA4BF12}.AppStore|x64.Build.0 = Release|x64
		{1036EF47-AA0A-4650-817C-7F7A3DA4BF12}.AppStore|x86.ActiveCfg = Release|x86
		{1036EF47-AA0A-4650-817C-7F7A3DA4BF12}.AppStore|x86.Build.0 = Release|x86
		{1036EF47-AA0A-4650-817C-7F7A3DA4BF12}.Debug|Any CPU.ActiveCfg = Debug|Any CPU
		{1036EF47-AA0A-4650-817C-7F7A3DA4BF12}.Debug|Any CPU.Build.0 = Debug|Any CPU
		{1036EF47-AA0A-4650-817C-7F7A3DA4BF12}.Debug|ARM.ActiveCfg = Debug|ARM
		{1036EF47-AA0A-4650-817C-7F7A3DA4BF12}.Debug|ARM.Build.0 = Debug|ARM
		{1036EF47-AA0A-4650-817C-7F7A3DA4BF12}.Debug|iPhone.ActiveCfg = Debug|Any CPU
		{1036EF47-AA0A-4650-817C-7F7A3DA4BF12}.Debug|iPhone.Build.0 = Debug|Any CPU
		{1036EF47-AA0A-4650-817C-7F7A3DA4BF12}.Debug|iPhoneSimulator.ActiveCfg = Debug|Any CPU
		{1036EF47-AA0A-4650-817C-7F7A3DA4BF12}.Debug|iPhoneSimulator.Build.0 = Debug|Any CPU
		{1036EF47-AA0A-4650-817C-7F7A3DA4BF12}.Debug|x64.ActiveCfg = Debug|x64
		{1036EF47-AA0A-4650-817C-7F7A3DA4BF12}.Debug|x64.Build.0 = Debug|x64
		{1036EF47-AA0A-4650-817C-7F7A3DA4BF12}.Debug|x86.ActiveCfg = Debug|x86
		{1036EF47-AA0A-4650-817C-7F7A3DA4BF12}.Debug|x86.Build.0 = Debug|x86
		{1036EF47-AA0A-4650-817C-7F7A3DA4BF12}.Release|Any CPU.ActiveCfg = Release|Any CPU
		{1036EF47-AA0A-4650-817C-7F7A3DA4BF12}.Release|Any CPU.Build.0 = Release|Any CPU
		{1036EF47-AA0A-4650-817C-7F7A3DA4BF12}.Release|ARM.ActiveCfg = Release|ARM
		{1036EF47-AA0A-4650-817C-7F7A3DA4BF12}.Release|ARM.Build.0 = Release|ARM
		{1036EF47-AA0A-4650-817C-7F7A3DA4BF12}.Release|iPhone.ActiveCfg = Release|Any CPU
		{1036EF47-AA0A-4650-817C-7F7A3DA4BF12}.Release|iPhone.Build.0 = Release|Any CPU
		{1036EF47-AA0A-4650-817C-7F7A3DA4BF12}.Release|iPhoneSimulator.ActiveCfg = Release|Any CPU
		{1036EF47-AA0A-4650-817C-7F7A3DA4BF12}.Release|iPhoneSimulator.Build.0 = Release|Any CPU
		{1036EF47-AA0A-4650-817C-7F7A3DA4BF12}.Release|x64.ActiveCfg = Release|x64
		{1036EF47-AA0A-4650-817C-7F7A3DA4BF12}.Release|x64.Build.0 = Release|x64
		{1036EF47-AA0A-4650-817C-7F7A3DA4BF12}.Release|x86.ActiveCfg = Release|x86
		{1036EF47-AA0A-4650-817C-7F7A3DA4BF12}.Release|x86.Build.0 = Release|x86
		{009C6AB6-8D1A-4319-832E-763D15FF6A78}.Ad-Hoc|Any CPU.ActiveCfg = Debug|Any CPU
		{009C6AB6-8D1A-4319-832E-763D15FF6A78}.Ad-Hoc|Any CPU.Build.0 = Debug|Any CPU
		{009C6AB6-8D1A-4319-832E-763D15FF6A78}.Ad-Hoc|ARM.ActiveCfg = Debug|Any CPU
		{009C6AB6-8D1A-4319-832E-763D15FF6A78}.Ad-Hoc|ARM.Build.0 = Debug|Any CPU
		{009C6AB6-8D1A-4319-832E-763D15FF6A78}.Ad-Hoc|iPhone.ActiveCfg = Debug|Any CPU
		{009C6AB6-8D1A-4319-832E-763D15FF6A78}.Ad-Hoc|iPhone.Build.0 = Debug|Any CPU
		{009C6AB6-8D1A-4319-832E-763D15FF6A78}.Ad-Hoc|iPhoneSimulator.ActiveCfg = Debug|Any CPU
		{009C6AB6-8D1A-4319-832E-763D15FF6A78}.Ad-Hoc|iPhoneSimulator.Build.0 = Debug|Any CPU
		{009C6AB6-8D1A-4319-832E-763D15FF6A78}.Ad-Hoc|x64.ActiveCfg = Debug|Any CPU
		{009C6AB6-8D1A-4319-832E-763D15FF6A78}.Ad-Hoc|x64.Build.0 = Debug|Any CPU
		{009C6AB6-8D1A-4319-832E-763D15FF6A78}.Ad-Hoc|x86.ActiveCfg = Debug|Any CPU
		{009C6AB6-8D1A-4319-832E-763D15FF6A78}.Ad-Hoc|x86.Build.0 = Debug|Any CPU
		{009C6AB6-8D1A-4319-832E-763D15FF6A78}.AppStore|Any CPU.ActiveCfg = Debug|Any CPU
		{009C6AB6-8D1A-4319-832E-763D15FF6A78}.AppStore|Any CPU.Build.0 = Debug|Any CPU
		{009C6AB6-8D1A-4319-832E-763D15FF6A78}.AppStore|ARM.ActiveCfg = Debug|Any CPU
		{009C6AB6-8D1A-4319-832E-763D15FF6A78}.AppStore|ARM.Build.0 = Debug|Any CPU
		{009C6AB6-8D1A-4319-832E-763D15FF6A78}.AppStore|iPhone.ActiveCfg = Debug|Any CPU
		{009C6AB6-8D1A-4319-832E-763D15FF6A78}.AppStore|iPhone.Build.0 = Debug|Any CPU
		{009C6AB6-8D1A-4319-832E-763D15FF6A78}.AppStore|iPhoneSimulator.ActiveCfg = Debug|Any CPU
		{009C6AB6-8D1A-4319-832E-763D15FF6A78}.AppStore|iPhoneSimulator.Build.0 = Debug|Any CPU
		{009C6AB6-8D1A-4319-832E-763D15FF6A78}.AppStore|x64.ActiveCfg = Debug|Any CPU
		{009C6AB6-8D1A-4319-832E-763D15FF6A78}.AppStore|x64.Build.0 = Debug|Any CPU
		{009C6AB6-8D1A-4319-832E-763D15FF6A78}.AppStore|x86.ActiveCfg = Debug|Any CPU
		{009C6AB6-8D1A-4319-832E-763D15FF6A78}.AppStore|x86.Build.0 = Debug|Any CPU
		{009C6AB6-8D1A-4319-832E-763D15FF6A78}.Debug|Any CPU.ActiveCfg = Debug|Any CPU
		{009C6AB6-8D1A-4319-832E-763D15FF6A78}.Debug|Any CPU.Build.0 = Debug|Any CPU
		{009C6AB6-8D1A-4319-832E-763D15FF6A78}.Debug|ARM.ActiveCfg = Debug|Any CPU
		{009C6AB6-8D1A-4319-832E-763D15FF6A78}.Debug|ARM.Build.0 = Debug|Any CPU
		{009C6AB6-8D1A-4319-832E-763D15FF6A78}.Debug|iPhone.ActiveCfg = Debug|Any CPU
		{009C6AB6-8D1A-4319-832E-763D15FF6A78}.Debug|iPhone.Build.0 = Debug|Any CPU
		{009C6AB6-8D1A-4319-832E-763D15FF6A78}.Debug|iPhoneSimulator.ActiveCfg = Debug|Any CPU
		{009C6AB6-8D1A-4319-832E-763D15FF6A78}.Debug|iPhoneSimulator.Build.0 = Debug|Any CPU
		{009C6AB6-8D1A-4319-832E-763D15FF6A78}.Debug|x64.ActiveCfg = Debug|Any CPU
		{009C6AB6-8D1A-4319-832E-763D15FF6A78}.Debug|x64.Build.0 = Debug|Any CPU
		{009C6AB6-8D1A-4319-832E-763D15FF6A78}.Debug|x86.ActiveCfg = Debug|Any CPU
		{009C6AB6-8D1A-4319-832E-763D15FF6A78}.Debug|x86.Build.0 = Debug|Any CPU
		{009C6AB6-8D1A-4319-832E-763D15FF6A78}.Release|Any CPU.ActiveCfg = Release|Any CPU
		{009C6AB6-8D1A-4319-832E-763D15FF6A78}.Release|Any CPU.Build.0 = Release|Any CPU
		{009C6AB6-8D1A-4319-832E-763D15FF6A78}.Release|ARM.ActiveCfg = Release|Any CPU
		{009C6AB6-8D1A-4319-832E-763D15FF6A78}.Release|ARM.Build.0 = Release|Any CPU
		{009C6AB6-8D1A-4319-832E-763D15FF6A78}.Release|iPhone.ActiveCfg = Release|Any CPU
		{009C6AB6-8D1A-4319-832E-763D15FF6A78}.Release|iPhone.Build.0 = Release|Any CPU
		{009C6AB6-8D1A-4319-832E-763D15FF6A78}.Release|iPhoneSimulator.ActiveCfg = Release|Any CPU
		{009C6AB6-8D1A-4319-832E-763D15FF6A78}.Release|iPhoneSimulator.Build.0 = Release|Any CPU
		{009C6AB6-8D1A-4319-832E-763D15FF6A78}.Release|x64.ActiveCfg = Release|Any CPU
		{009C6AB6-8D1A-4319-832E-763D15FF6A78}.Release|x64.Build.0 = Release|Any CPU
		{009C6AB6-8D1A-4319-832E-763D15FF6A78}.Release|x86.ActiveCfg = Release|Any CPU
		{009C6AB6-8D1A-4319-832E-763D15FF6A78}.Release|x86.Build.0 = Release|Any CPU
	EndGlobalSection
	GlobalSection(SolutionProperties) = preSolution
		HideSolutionNode = FALSE
	EndGlobalSection
	GlobalSection(NestedProjects) = preSolution
		{41AE94D8-50AC-4126-998C-C462FA371659} = {A20523F9-24C1-45BD-9390-98BAED484293}
		{E952C93A-C25B-4846-BF5B-AA88A88E7E87} = {A20523F9-24C1-45BD-9390-98BAED484293}
		{C259A50D-5259-47F7-81F6-224ABB8D4644} = {A20523F9-24C1-45BD-9390-98BAED484293}
		{F0D01960-6069-4D05-B418-68474325F107} = {B4B04FCA-D394-47B1-97FE-BE6529895CD0}
		{1E06BAD3-7C8A-4086-BBE5-EDDFF2CAC9A6} = {033BE92B-A3EF-4A3E-8C01-9945422891D8}
		{91F098B5-A8DE-4930-B9FB-1E90B2E7186A} = {033BE92B-A3EF-4A3E-8C01-9945422891D8}
		{E333B316-0FD9-4BC8-A8D3-47EE7CCD4BB6} = {033BE92B-A3EF-4A3E-8C01-9945422891D8}
		{1036EF47-AA0A-4650-817C-7F7A3DA4BF12} = {033BE92B-A3EF-4A3E-8C01-9945422891D8}
		{009C6AB6-8D1A-4319-832E-763D15FF6A78} = {D1774CC0-90A1-4F9E-BB16-ADACD455064A}
	EndGlobalSection
	GlobalSection(ExtensibilityGlobals) = postSolution
		SolutionGuid = {ABCE21BA-3EE8-48DA-A207-C3883E7F2CD3}
	EndGlobalSection
EndGlobal
